// !$*UTF8*$!
{
	archiveVersion = 1;
	classes = {
	};
	objectVersion = 48;
	objects = {

/* Begin PBXBuildFile section */
		132162FD58EE1519DE200858 /* Pods_HGInitiation.framework in Frameworks */ = {isa = PBXBuildFile; fileRef = 17505472DF6E03E931560DC2 /* Pods_HGInitiation.framework */; };
		6301EBC62069F39800EBD4D3 /* HGDownloadController.m in Sources */ = {isa = PBXBuildFile; fileRef = 6301EBC52069F39800EBD4D3 /* HGDownloadController.m */; };
		630498B12004C11F00F91211 /* HGScrollDefaultImage.m in Sources */ = {isa = PBXBuildFile; fileRef = 630498B02004C11F00F91211 /* HGScrollDefaultImage.m */; };
		630498B42005E99F00F91211 /* HGPageControl.m in Sources */ = {isa = PBXBuildFile; fileRef = 630498B32005E99F00F91211 /* HGPageControl.m */; };
		6306DF5E2031814700959275 /* 1.jpg in Resources */ = {isa = PBXBuildFile; fileRef = 6306DF5D2031814700959275 /* 1.jpg */; };
		631022182047913D00876AB6 /* large_leaves_70mp.jpg in Resources */ = {isa = PBXBuildFile; fileRef = 631022172047913D00876AB6 /* large_leaves_70mp.jpg */; };
		631FE8692017207C00E9D8A2 /* UIImage+HG.m in Sources */ = {isa = PBXBuildFile; fileRef = 631FE8682017207C00E9D8A2 /* UIImage+HG.m */; };
		631FE86F2017275F00E9D8A2 /* HGThemeDefault.m in Sources */ = {isa = PBXBuildFile; fileRef = 631FE86E2017275F00E9D8A2 /* HGThemeDefault.m */; };
		631FE8722017280700E9D8A2 /* HGThemeManager.m in Sources */ = {isa = PBXBuildFile; fileRef = 631FE8712017280700E9D8A2 /* HGThemeManager.m */; };
		631FE8762017305200E9D8A2 /* HGConfiguration.m in Sources */ = {isa = PBXBuildFile; fileRef = 631FE8752017305200E9D8A2 /* HGConfiguration.m */; };
		631FE8792017392F00E9D8A2 /* HGThemeWhatever.m in Sources */ = {isa = PBXBuildFile; fileRef = 631FE8782017392F00E9D8A2 /* HGThemeWhatever.m */; };
		631FE87C2018299400E9D8A2 /* HGBASETabBarController.m in Sources */ = {isa = PBXBuildFile; fileRef = 631FE87B2018299400E9D8A2 /* HGBASETabBarController.m */; };
		6327575B20CFB0510095E28D /* HGPagesWithHeaderDemo.m in Sources */ = {isa = PBXBuildFile; fileRef = 6327575A20CFB0510095E28D /* HGPagesWithHeaderDemo.m */; };
		6327575F20CFB0D50095E28D /* HGPagesScrollView.m in Sources */ = {isa = PBXBuildFile; fileRef = 6327575E20CFB0D50095E28D /* HGPagesScrollView.m */; };
		632B7AA71FF22508000F57A3 /* HGImagePickerController.m in Sources */ = {isa = PBXBuildFile; fileRef = 632B7AA61FF22508000F57A3 /* HGImagePickerController.m */; };
		632B7AAA1FF22610000F57A3 /* HGAlbumsController.m in Sources */ = {isa = PBXBuildFile; fileRef = 632B7AA91FF22610000F57A3 /* HGAlbumsController.m */; };
		632B7AAD1FF22987000F57A3 /* HGPhotosController.m in Sources */ = {isa = PBXBuildFile; fileRef = 632B7AAC1FF22987000F57A3 /* HGPhotosController.m */; };
		632B7AB01FF22B93000F57A3 /* HGImagePreviewController.m in Sources */ = {isa = PBXBuildFile; fileRef = 632B7AAF1FF22B93000F57A3 /* HGImagePreviewController.m */; };
		632B7AB31FF24643000F57A3 /* HGPhotoCell.m in Sources */ = {isa = PBXBuildFile; fileRef = 632B7AB21FF24643000F57A3 /* HGPhotoCell.m */; };
		632B7AB71FF38D9A000F57A3 /* HGAsset.m in Sources */ = {isa = PBXBuildFile; fileRef = 632B7AB61FF38D9A000F57A3 /* HGAsset.m */; };
		632B7AB91FF38FF5000F57A3 /* MobileCoreServices.framework in Frameworks */ = {isa = PBXBuildFile; fileRef = 632B7AB81FF38FF5000F57A3 /* MobileCoreServices.framework */; };
		632B7ABC1FF39F0A000F57A3 /* HGAssetAlbum.m in Sources */ = {isa = PBXBuildFile; fileRef = 632B7ABB1FF39F0A000F57A3 /* HGAssetAlbum.m */; };
		632B7ABF1FF3A3FD000F57A3 /* HGPhotoModel.m in Sources */ = {isa = PBXBuildFile; fileRef = 632B7ABE1FF3A3FD000F57A3 /* HGPhotoModel.m */; };
		6331E21520D0C89E0040C6C7 /* HGPageProgressView.m in Sources */ = {isa = PBXBuildFile; fileRef = 6331E21420D0C89E0040C6C7 /* HGPageProgressView.m */; };
		633E47D4200DDC7E004DF9E7 /* UIAlertAction+HGCustom.m in Sources */ = {isa = PBXBuildFile; fileRef = 633E47D3200DDC7E004DF9E7 /* UIAlertAction+HGCustom.m */; };
		633E47D7200DDF7C004DF9E7 /* UIAlertController+HGCustom.m in Sources */ = {isa = PBXBuildFile; fileRef = 633E47D6200DDF7C004DF9E7 /* UIAlertController+HGCustom.m */; };
		6341E5DB20C77B95005065C5 /* HGPageContent2Controller.m in Sources */ = {isa = PBXBuildFile; fileRef = 6341E5DA20C77B95005065C5 /* HGPageContent2Controller.m */; };
		6341E5DE20C784FC005065C5 /* HGPayController.m in Sources */ = {isa = PBXBuildFile; fileRef = 6341E5DD20C784FC005065C5 /* HGPayController.m */; };
		6341E5E520C7B74F005065C5 /* CNPPopupController.m in Sources */ = {isa = PBXBuildFile; fileRef = 6341E5E420C7B74F005065C5 /* CNPPopupController.m */; };
		6341E5E920C7B7CB005065C5 /* HGHorizontalSelectView.m in Sources */ = {isa = PBXBuildFile; fileRef = 6341E5E820C7B7CB005065C5 /* HGHorizontalSelectView.m */; };
		6341E5F220C8DD39005065C5 /* HGPopupManager.m in Sources */ = {isa = PBXBuildFile; fileRef = 6341E5F120C8DD39005065C5 /* HGPopupManager.m */; };
		6341E5F520C9117E005065C5 /* HGVerticalSelectView.m in Sources */ = {isa = PBXBuildFile; fileRef = 6341E5F420C9117E005065C5 /* HGVerticalSelectView.m */; };
		635A8D08207C923600E4E4D6 /* NSString+URITemplate.m in Sources */ = {isa = PBXBuildFile; fileRef = 635A8D07207C923600E4E4D6 /* NSString+URITemplate.m */; };
		635C24D91FF63D410070BC46 /* HGPickerView.m in Sources */ = {isa = PBXBuildFile; fileRef = 635C24D81FF63D410070BC46 /* HGPickerView.m */; };
		635C24DC1FF63D500070BC46 /* HGDatePickerView.m in Sources */ = {isa = PBXBuildFile; fileRef = 635C24DB1FF63D500070BC46 /* HGDatePickerView.m */; };
		635C24E11FFB6CB10070BC46 /* HGTextField.m in Sources */ = {isa = PBXBuildFile; fileRef = 635C24E01FFB6CB10070BC46 /* HGTextField.m */; };
		635C24E41FFB6D3A0070BC46 /* HGTextFieldController.m in Sources */ = {isa = PBXBuildFile; fileRef = 635C24E31FFB6D3A0070BC46 /* HGTextFieldController.m */; };
		635C24E71FFB71C60070BC46 /* HGTextView.m in Sources */ = {isa = PBXBuildFile; fileRef = 635C24E61FFB71C60070BC46 /* HGTextView.m */; };
		635C24EB1FFB8BAB0070BC46 /* HGTextViewController.m in Sources */ = {isa = PBXBuildFile; fileRef = 635C24EA1FFB8BAB0070BC46 /* HGTextViewController.m */; };
		635C24EE1FFCAE580070BC46 /* HGImagePreviewCell.m in Sources */ = {isa = PBXBuildFile; fileRef = 635C24ED1FFCAE580070BC46 /* HGImagePreviewCell.m */; };
		635C24F21FFCB28F0070BC46 /* UIColor+HG.m in Sources */ = {isa = PBXBuildFile; fileRef = 635C24F11FFCB28F0070BC46 /* UIColor+HG.m */; };
		635C24F81FFCBE760070BC46 /* HGZoomImageView.m in Sources */ = {isa = PBXBuildFile; fileRef = 635C24F71FFCBE760070BC46 /* HGZoomImageView.m */; };
		635C24FC1FFCDE3F0070BC46 /* HGZoomImageController.m in Sources */ = {isa = PBXBuildFile; fileRef = 635C24FB1FFCDE3F0070BC46 /* HGZoomImageController.m */; };
		635C57C620031267004CE18B /* HGPhotoBrowser.m in Sources */ = {isa = PBXBuildFile; fileRef = 635C57C520031267004CE18B /* HGPhotoBrowser.m */; };
		635C57C920033319004CE18B /* HGBrowserController.m in Sources */ = {isa = PBXBuildFile; fileRef = 635C57C820033319004CE18B /* HGBrowserController.m */; };
		635C57CF20048E29004CE18B /* HGScrollController.m in Sources */ = {isa = PBXBuildFile; fileRef = 635C57CE20048E29004CE18B /* HGScrollController.m */; };
		635C57D320048F4A004CE18B /* HGScrollView.m in Sources */ = {isa = PBXBuildFile; fileRef = 635C57D220048F4A004CE18B /* HGScrollView.m */; };
		6362395D20DCC4D500C96C5B /* HGPopMenu.m in Sources */ = {isa = PBXBuildFile; fileRef = 6362395C20DCC4D500C96C5B /* HGPopMenu.m */; };
		6362396020DCC52900C96C5B /* HGPopTableViewController.m in Sources */ = {isa = PBXBuildFile; fileRef = 6362395F20DCC52900C96C5B /* HGPopTableViewController.m */; };
		6362396320DCF59E00C96C5B /* UserNotifications.framework in Frameworks */ = {isa = PBXBuildFile; fileRef = 6362396120DCF34900C96C5B /* UserNotifications.framework */; };
		6365AF6120B6A81000856358 /* UIViewController+HGNavItems.m in Sources */ = {isa = PBXBuildFile; fileRef = 6365AF6020B6A81000856358 /* UIViewController+HGNavItems.m */; };
		636B222620DA459D0073C7F2 /* UIButton+CountDown.m in Sources */ = {isa = PBXBuildFile; fileRef = 636B222520DA459D0073C7F2 /* UIButton+CountDown.m */; };
		636B222820DA56120073C7F2 /* Const.swift in Sources */ = {isa = PBXBuildFile; fileRef = 636B222720DA56120073C7F2 /* Const.swift */; };
		636D6D0020E338F4006D0FC4 /* fifa-world-cup.png in Resources */ = {isa = PBXBuildFile; fileRef = 636D6CFF20E338F4006D0FC4 /* fifa-world-cup.png */; };
		636D6D0420E36CDF006D0FC4 /* HGProgressHUDManager.m in Sources */ = {isa = PBXBuildFile; fileRef = 636D6D0320E36CDF006D0FC4 /* HGProgressHUDManager.m */; };
		636D6D0720E37B4B006D0FC4 /* HGProgressHUDTest.m in Sources */ = {isa = PBXBuildFile; fileRef = 636D6D0620E37B4B006D0FC4 /* HGProgressHUDTest.m */; };
		63878763206A2C16006FE525 /* HGDownloader.m in Sources */ = {isa = PBXBuildFile; fileRef = 63878762206A2C16006FE525 /* HGDownloader.m */; };
		63880B991FF0DD5F00DAFD68 /* AppDelegate.m in Sources */ = {isa = PBXBuildFile; fileRef = 63880B981FF0DD5F00DAFD68 /* AppDelegate.m */; };
		63880B9C1FF0DD5F00DAFD68 /* ViewController.m in Sources */ = {isa = PBXBuildFile; fileRef = 63880B9B1FF0DD5F00DAFD68 /* ViewController.m */; };
		63880B9F1FF0DD5F00DAFD68 /* Main.storyboard in Resources */ = {isa = PBXBuildFile; fileRef = 63880B9D1FF0DD5F00DAFD68 /* Main.storyboard */; };
		63880BA11FF0DD5F00DAFD68 /* Assets.xcassets in Resources */ = {isa = PBXBuildFile; fileRef = 63880BA01FF0DD5F00DAFD68 /* Assets.xcassets */; };
		63880BA41FF0DD5F00DAFD68 /* LaunchScreen.storyboard in Resources */ = {isa = PBXBuildFile; fileRef = 63880BA21FF0DD5F00DAFD68 /* LaunchScreen.storyboard */; };
		63880BA71FF0DD5F00DAFD68 /* main.m in Sources */ = {isa = PBXBuildFile; fileRef = 63880BA61FF0DD5F00DAFD68 /* main.m */; };
		63880BB31FF0DF6800DAFD68 /* HGHTTPClient.m in Sources */ = {isa = PBXBuildFile; fileRef = 63880BB21FF0DF6800DAFD68 /* HGHTTPClient.m */; };
		63880BB81FF0DFE800DAFD68 /* HGDefaultHTTPService.m in Sources */ = {isa = PBXBuildFile; fileRef = 63880BB71FF0DFE800DAFD68 /* HGDefaultHTTPService.m */; };
		63880BBF1FF0EA5700DAFD68 /* HGBASEViewController.m in Sources */ = {isa = PBXBuildFile; fileRef = 63880BBE1FF0EA5700DAFD68 /* HGBASEViewController.m */; };
		63880BC21FF0EA6B00DAFD68 /* ViewUtils.m in Sources */ = {isa = PBXBuildFile; fileRef = 63880BC01FF0EA6B00DAFD68 /* ViewUtils.m */; };
		63880BCA1FF0F8E600DAFD68 /* Photos.framework in Frameworks */ = {isa = PBXBuildFile; fileRef = 63880BC91FF0F8E600DAFD68 /* Photos.framework */; };
		63880BCC1FF0F8ED00DAFD68 /* AVFoundation.framework in Frameworks */ = {isa = PBXBuildFile; fileRef = 63880BCB1FF0F8EC00DAFD68 /* AVFoundation.framework */; };
		63880BD01FF1E1F300DAFD68 /* HGAssetManager.m in Sources */ = {isa = PBXBuildFile; fileRef = 63880BCF1FF1E1F300DAFD68 /* HGAssetManager.m */; };
		6389B2171FF61A9100EBBF6C /* UIColor+Tweak.m in Sources */ = {isa = PBXBuildFile; fileRef = 6389B2131FF61A9100EBBF6C /* UIColor+Tweak.m */; };
		6389B2181FF61A9100EBBF6C /* HGAvatarClipperController.m in Sources */ = {isa = PBXBuildFile; fileRef = 6389B2151FF61A9100EBBF6C /* HGAvatarClipperController.m */; };
		6389B2191FF61A9100EBBF6C /* HGClipperView.m in Sources */ = {isa = PBXBuildFile; fileRef = 6389B2161FF61A9100EBBF6C /* HGClipperView.m */; };
		6392026A20D257410014742E /* CHTCollectionViewWaterfallLayout.m in Sources */ = {isa = PBXBuildFile; fileRef = 6392026920D257400014742E /* CHTCollectionViewWaterfallLayout.m */; };
		63949EE320AC066C007F944B /* HGFeaturedController.m in Sources */ = {isa = PBXBuildFile; fileRef = 63949EE220AC066C007F944B /* HGFeaturedController.m */; };
		63949EE620AC06B6007F944B /* HGWhateverController.m in Sources */ = {isa = PBXBuildFile; fileRef = 63949EE520AC06B6007F944B /* HGWhateverController.m */; };
		63949EF220AC2743007F944B /* NSNumber+HGRandom.m in Sources */ = {isa = PBXBuildFile; fileRef = 63949EF120AC2743007F944B /* NSNumber+HGRandom.m */; };
		63949EF520AD680D007F944B /* HGScrollCustomCell.m in Sources */ = {isa = PBXBuildFile; fileRef = 63949EF420AD680D007F944B /* HGScrollCustomCell.m */; };
		63A0C70F2041487700FFD56E /* HGOtherController.m in Sources */ = {isa = PBXBuildFile; fileRef = 63A0C70E2041487700FFD56E /* HGOtherController.m */; };
		63A0C7112043CDC700FFD56E /* SystemConfiguration.framework in Frameworks */ = {isa = PBXBuildFile; fileRef = 63A0C7102043CDC700FFD56E /* SystemConfiguration.framework */; };
		63B8C80D20B2ADAD00CFB3EC /* HGPageController.m in Sources */ = {isa = PBXBuildFile; fileRef = 63B8C80C20B2ADAD00CFB3EC /* HGPageController.m */; };
		63B9A16B205648DF0006B2E9 /* HGPageContentController.m in Sources */ = {isa = PBXBuildFile; fileRef = 63B9A16A205648DF0006B2E9 /* HGPageContentController.m */; };
		63C66CE820D8ECE100D27833 /* HGSelectAdditionalView.m in Sources */ = {isa = PBXBuildFile; fileRef = 63C66CE720D8ECE100D27833 /* HGSelectAdditionalView.m */; };
		63C66CEB20D8F61900D27833 /* HGHorizontalSelectTCell.m in Sources */ = {isa = PBXBuildFile; fileRef = 63C66CEA20D8F61900D27833 /* HGHorizontalSelectTCell.m */; };
		63C66CEE20D8F65200D27833 /* HGHorizontalSelectCCell.m in Sources */ = {isa = PBXBuildFile; fileRef = 63C66CED20D8F65200D27833 /* HGHorizontalSelectCCell.m */; };
		63C66CF320D9064200D27833 /* UIStoryboard+HG.m in Sources */ = {isa = PBXBuildFile; fileRef = 63C66CF220D9064200D27833 /* UIStoryboard+HG.m */; };
		63C66CF720D90EF400D27833 /* Login.storyboard in Resources */ = {isa = PBXBuildFile; fileRef = 63C66CF620D90EF400D27833 /* Login.storyboard */; };
		63C66CF920D9EB3500D27833 /* HGLoginController.swift in Sources */ = {isa = PBXBuildFile; fileRef = 63C66CF820D9EB3500D27833 /* HGLoginController.swift */; };
		63C66CFB20D9F89600D27833 /* HGRegisterController.swift in Sources */ = {isa = PBXBuildFile; fileRef = 63C66CFA20D9F89600D27833 /* HGRegisterController.swift */; };
		63D5596E2007123200BBA0BE /* UIScrollView+HGRefresh.m in Sources */ = {isa = PBXBuildFile; fileRef = 63D5596D2007123200BBA0BE /* UIScrollView+HGRefresh.m */; };
		63D55971200733F200BBA0BE /* HGHelperPush.m in Sources */ = {isa = PBXBuildFile; fileRef = 63D55970200733F200BBA0BE /* HGHelperPush.m */; };
		63D559742007346800BBA0BE /* NSObject+HGAssociate.m in Sources */ = {isa = PBXBuildFile; fileRef = 63D559732007346800BBA0BE /* NSObject+HGAssociate.m */; };
		63D559772007516100BBA0BE /* HGWaterfallController.m in Sources */ = {isa = PBXBuildFile; fileRef = 63D559762007516100BBA0BE /* HGWaterfallController.m */; };
		63D5597A2008595800BBA0BE /* UIViewController+HGAlert.m in Sources */ = {isa = PBXBuildFile; fileRef = 63D559792008595800BBA0BE /* UIViewController+HGAlert.m */; };
		63EDC0351FFE02F40049597F /* NSString+HG.m in Sources */ = {isa = PBXBuildFile; fileRef = 63EDC0341FFE02F40049597F /* NSString+HG.m */; };
		63EDC03A1FFF0AEE0049597F /* HGWebViewController.m in Sources */ = {isa = PBXBuildFile; fileRef = 63EDC0391FFF0AEE0049597F /* HGWebViewController.m */; };
		63EDC03C1FFF0B860049597F /* WebKit.framework in Frameworks */ = {isa = PBXBuildFile; fileRef = 63EDC03B1FFF0B860049597F /* WebKit.framework */; };
		63EDC0411FFF23CA0049597F /* HGWebViewProgressView.m in Sources */ = {isa = PBXBuildFile; fileRef = 63EDC0401FFF23CA0049597F /* HGWebViewProgressView.m */; };
		63F3D3D920C520F8000AC732 /* HGPageContentsView.m in Sources */ = {isa = PBXBuildFile; fileRef = 63F3D3D820C520F8000AC732 /* HGPageContentsView.m */; };
		63F3D3DC20C5213F000AC732 /* HGPageTitlesView.m in Sources */ = {isa = PBXBuildFile; fileRef = 63F3D3DB20C5213F000AC732 /* HGPageTitlesView.m */; };
		63F3D3DF20C53F89000AC732 /* HGPageControllerDemo.m in Sources */ = {isa = PBXBuildFile; fileRef = 63F3D3DE20C53F89000AC732 /* HGPageControllerDemo.m */; };
		63F3D3E220C54826000AC732 /* HGPageTitleItem.m in Sources */ = {isa = PBXBuildFile; fileRef = 63F3D3E120C54826000AC732 /* HGPageTitleItem.m */; };
		63F6BB9A2094753900BB8EFF /* HGHelperFPS.m in Sources */ = {isa = PBXBuildFile; fileRef = 63F6BB992094753900BB8EFF /* HGHelperFPS.m */; };
		63F6BB9D2099994200BB8EFF /* HGBASENavigationController.m in Sources */ = {isa = PBXBuildFile; fileRef = 63F6BB9C2099994200BB8EFF /* HGBASENavigationController.m */; };
		63F6BBBD209AAF0100BB8EFF /* HGFunctionsController.m in Sources */ = {isa = PBXBuildFile; fileRef = 63F6BBBC209AAF0100BB8EFF /* HGFunctionsController.m */; };
		63F6BBC2209AB07000BB8EFF /* HGSettingsController.m in Sources */ = {isa = PBXBuildFile; fileRef = 63F6BBC1209AB07000BB8EFF /* HGSettingsController.m */; };
/* End PBXBuildFile section */

/* Begin PBXFileReference section */
		17505472DF6E03E931560DC2 /* Pods_HGInitiation.framework */ = {isa = PBXFileReference; explicitFileType = wrapper.framework; includeInIndex = 0; path = Pods_HGInitiation.framework; sourceTree = BUILT_PRODUCTS_DIR; };
		4A97863A459CF3C9AD01DB09 /* Pods-HGInitiation.debug.xcconfig */ = {isa = PBXFileReference; includeInIndex = 1; lastKnownFileType = text.xcconfig; name = "Pods-HGInitiation.debug.xcconfig"; path = "Pods/Target Support Files/Pods-HGInitiation/Pods-HGInitiation.debug.xcconfig"; sourceTree = "<group>"; };
		62929185647B0BDFA97BBF9F /* Pods-HGInitiation.release.xcconfig */ = {isa = PBXFileReference; includeInIndex = 1; lastKnownFileType = text.xcconfig; name = "Pods-HGInitiation.release.xcconfig"; path = "Pods/Target Support Files/Pods-HGInitiation/Pods-HGInitiation.release.xcconfig"; sourceTree = "<group>"; };
		6301EBC42069F39800EBD4D3 /* HGDownloadController.h */ = {isa = PBXFileReference; lastKnownFileType = sourcecode.c.h; path = HGDownloadController.h; sourceTree = "<group>"; };
		6301EBC52069F39800EBD4D3 /* HGDownloadController.m */ = {isa = PBXFileReference; lastKnownFileType = sourcecode.c.objc; path = HGDownloadController.m; sourceTree = "<group>"; };
		630498AF2004C11F00F91211 /* HGScrollDefaultImage.h */ = {isa = PBXFileReference; lastKnownFileType = sourcecode.c.h; path = HGScrollDefaultImage.h; sourceTree = "<group>"; };
		630498B02004C11F00F91211 /* HGScrollDefaultImage.m */ = {isa = PBXFileReference; lastKnownFileType = sourcecode.c.objc; path = HGScrollDefaultImage.m; sourceTree = "<group>"; };
		630498B22005E99F00F91211 /* HGPageControl.h */ = {isa = PBXFileReference; lastKnownFileType = sourcecode.c.h; path = HGPageControl.h; sourceTree = "<group>"; };
		630498B32005E99F00F91211 /* HGPageControl.m */ = {isa = PBXFileReference; lastKnownFileType = sourcecode.c.objc; path = HGPageControl.m; sourceTree = "<group>"; };
		6306DF5D2031814700959275 /* 1.jpg */ = {isa = PBXFileReference; lastKnownFileType = image.jpeg; path = 1.jpg; sourceTree = "<group>"; };
		631022172047913D00876AB6 /* large_leaves_70mp.jpg */ = {isa = PBXFileReference; lastKnownFileType = image.jpeg; path = large_leaves_70mp.jpg; sourceTree = "<group>"; };
		631FE8672017207C00E9D8A2 /* UIImage+HG.h */ = {isa = PBXFileReference; lastKnownFileType = sourcecode.c.h; path = "UIImage+HG.h"; sourceTree = "<group>"; };
		631FE8682017207C00E9D8A2 /* UIImage+HG.m */ = {isa = PBXFileReference; lastKnownFileType = sourcecode.c.objc; path = "UIImage+HG.m"; sourceTree = "<group>"; };
		631FE86C201726C500E9D8A2 /* HGThemeProtocol.h */ = {isa = PBXFileReference; lastKnownFileType = sourcecode.c.h; path = HGThemeProtocol.h; sourceTree = "<group>"; };
		631FE86D2017275F00E9D8A2 /* HGThemeDefault.h */ = {isa = PBXFileReference; lastKnownFileType = sourcecode.c.h; path = HGThemeDefault.h; sourceTree = "<group>"; };
		631FE86E2017275F00E9D8A2 /* HGThemeDefault.m */ = {isa = PBXFileReference; lastKnownFileType = sourcecode.c.objc; path = HGThemeDefault.m; sourceTree = "<group>"; };
		631FE8702017280700E9D8A2 /* HGThemeManager.h */ = {isa = PBXFileReference; lastKnownFileType = sourcecode.c.h; path = HGThemeManager.h; sourceTree = "<group>"; };
		631FE8712017280700E9D8A2 /* HGThemeManager.m */ = {isa = PBXFileReference; lastKnownFileType = sourcecode.c.objc; path = HGThemeManager.m; sourceTree = "<group>"; };
		631FE8742017305200E9D8A2 /* HGConfiguration.h */ = {isa = PBXFileReference; lastKnownFileType = sourcecode.c.h; path = HGConfiguration.h; sourceTree = "<group>"; };
		631FE8752017305200E9D8A2 /* HGConfiguration.m */ = {isa = PBXFileReference; lastKnownFileType = sourcecode.c.objc; path = HGConfiguration.m; sourceTree = "<group>"; };
		631FE8772017392F00E9D8A2 /* HGThemeWhatever.h */ = {isa = PBXFileReference; lastKnownFileType = sourcecode.c.h; path = HGThemeWhatever.h; sourceTree = "<group>"; };
		631FE8782017392F00E9D8A2 /* HGThemeWhatever.m */ = {isa = PBXFileReference; lastKnownFileType = sourcecode.c.objc; path = HGThemeWhatever.m; sourceTree = "<group>"; };
		631FE87A2018299400E9D8A2 /* HGBASETabBarController.h */ = {isa = PBXFileReference; lastKnownFileType = sourcecode.c.h; path = HGBASETabBarController.h; sourceTree = "<group>"; };
		631FE87B2018299400E9D8A2 /* HGBASETabBarController.m */ = {isa = PBXFileReference; lastKnownFileType = sourcecode.c.objc; path = HGBASETabBarController.m; sourceTree = "<group>"; };
		6327575920CFB0510095E28D /* HGPagesWithHeaderDemo.h */ = {isa = PBXFileReference; lastKnownFileType = sourcecode.c.h; path = HGPagesWithHeaderDemo.h; sourceTree = "<group>"; };
		6327575A20CFB0510095E28D /* HGPagesWithHeaderDemo.m */ = {isa = PBXFileReference; lastKnownFileType = sourcecode.c.objc; path = HGPagesWithHeaderDemo.m; sourceTree = "<group>"; };
		6327575D20CFB0D50095E28D /* HGPagesScrollView.h */ = {isa = PBXFileReference; lastKnownFileType = sourcecode.c.h; path = HGPagesScrollView.h; sourceTree = "<group>"; };
		6327575E20CFB0D50095E28D /* HGPagesScrollView.m */ = {isa = PBXFileReference; lastKnownFileType = sourcecode.c.objc; path = HGPagesScrollView.m; sourceTree = "<group>"; };
		632B7AA51FF22508000F57A3 /* HGImagePickerController.h */ = {isa = PBXFileReference; lastKnownFileType = sourcecode.c.h; path = HGImagePickerController.h; sourceTree = "<group>"; };
		632B7AA61FF22508000F57A3 /* HGImagePickerController.m */ = {isa = PBXFileReference; lastKnownFileType = sourcecode.c.objc; path = HGImagePickerController.m; sourceTree = "<group>"; };
		632B7AA81FF22610000F57A3 /* HGAlbumsController.h */ = {isa = PBXFileReference; lastKnownFileType = sourcecode.c.h; path = HGAlbumsController.h; sourceTree = "<group>"; };
		632B7AA91FF22610000F57A3 /* HGAlbumsController.m */ = {isa = PBXFileReference; lastKnownFileType = sourcecode.c.objc; path = HGAlbumsController.m; sourceTree = "<group>"; };
		632B7AAB1FF22987000F57A3 /* HGPhotosController.h */ = {isa = PBXFileReference; lastKnownFileType = sourcecode.c.h; path = HGPhotosController.h; sourceTree = "<group>"; };
		632B7AAC1FF22987000F57A3 /* HGPhotosController.m */ = {isa = PBXFileReference; lastKnownFileType = sourcecode.c.objc; path = HGPhotosController.m; sourceTree = "<group>"; };
		632B7AAE1FF22B93000F57A3 /* HGImagePreviewController.h */ = {isa = PBXFileReference; lastKnownFileType = sourcecode.c.h; path = HGImagePreviewController.h; sourceTree = "<group>"; };
		632B7AAF1FF22B93000F57A3 /* HGImagePreviewController.m */ = {isa = PBXFileReference; lastKnownFileType = sourcecode.c.objc; path = HGImagePreviewController.m; sourceTree = "<group>"; };
		632B7AB11FF24643000F57A3 /* HGPhotoCell.h */ = {isa = PBXFileReference; lastKnownFileType = sourcecode.c.h; path = HGPhotoCell.h; sourceTree = "<group>"; };
		632B7AB21FF24643000F57A3 /* HGPhotoCell.m */ = {isa = PBXFileReference; lastKnownFileType = sourcecode.c.objc; path = HGPhotoCell.m; sourceTree = "<group>"; };
		632B7AB51FF38D9A000F57A3 /* HGAsset.h */ = {isa = PBXFileReference; lastKnownFileType = sourcecode.c.h; path = HGAsset.h; sourceTree = "<group>"; };
		632B7AB61FF38D9A000F57A3 /* HGAsset.m */ = {isa = PBXFileReference; lastKnownFileType = sourcecode.c.objc; path = HGAsset.m; sourceTree = "<group>"; };
		632B7AB81FF38FF5000F57A3 /* MobileCoreServices.framework */ = {isa = PBXFileReference; lastKnownFileType = wrapper.framework; name = MobileCoreServices.framework; path = System/Library/Frameworks/MobileCoreServices.framework; sourceTree = SDKROOT; };
		632B7ABA1FF39F0A000F57A3 /* HGAssetAlbum.h */ = {isa = PBXFileReference; lastKnownFileType = sourcecode.c.h; path = HGAssetAlbum.h; sourceTree = "<group>"; };
		632B7ABB1FF39F0A000F57A3 /* HGAssetAlbum.m */ = {isa = PBXFileReference; lastKnownFileType = sourcecode.c.objc; path = HGAssetAlbum.m; sourceTree = "<group>"; };
		632B7ABD1FF3A3FD000F57A3 /* HGPhotoModel.h */ = {isa = PBXFileReference; lastKnownFileType = sourcecode.c.h; path = HGPhotoModel.h; sourceTree = "<group>"; };
		632B7ABE1FF3A3FD000F57A3 /* HGPhotoModel.m */ = {isa = PBXFileReference; lastKnownFileType = sourcecode.c.objc; path = HGPhotoModel.m; sourceTree = "<group>"; };
		632C681120D3A4F6004D715F /* HGInitiation-Bridging-Header.h */ = {isa = PBXFileReference; lastKnownFileType = sourcecode.c.h; path = "HGInitiation-Bridging-Header.h"; sourceTree = "<group>"; };
		6331E21320D0C89E0040C6C7 /* HGPageProgressView.h */ = {isa = PBXFileReference; lastKnownFileType = sourcecode.c.h; path = HGPageProgressView.h; sourceTree = "<group>"; };
		6331E21420D0C89E0040C6C7 /* HGPageProgressView.m */ = {isa = PBXFileReference; lastKnownFileType = sourcecode.c.objc; path = HGPageProgressView.m; sourceTree = "<group>"; };
		633E47D2200DDC7E004DF9E7 /* UIAlertAction+HGCustom.h */ = {isa = PBXFileReference; lastKnownFileType = sourcecode.c.h; path = "UIAlertAction+HGCustom.h"; sourceTree = "<group>"; };
		633E47D3200DDC7E004DF9E7 /* UIAlertAction+HGCustom.m */ = {isa = PBXFileReference; lastKnownFileType = sourcecode.c.objc; path = "UIAlertAction+HGCustom.m"; sourceTree = "<group>"; };
		633E47D5200DDF7C004DF9E7 /* UIAlertController+HGCustom.h */ = {isa = PBXFileReference; lastKnownFileType = sourcecode.c.h; path = "UIAlertController+HGCustom.h"; sourceTree = "<group>"; };
		633E47D6200DDF7C004DF9E7 /* UIAlertController+HGCustom.m */ = {isa = PBXFileReference; lastKnownFileType = sourcecode.c.objc; path = "UIAlertController+HGCustom.m"; sourceTree = "<group>"; };
		6341E5D920C77B95005065C5 /* HGPageContent2Controller.h */ = {isa = PBXFileReference; lastKnownFileType = sourcecode.c.h; path = HGPageContent2Controller.h; sourceTree = "<group>"; };
		6341E5DA20C77B95005065C5 /* HGPageContent2Controller.m */ = {isa = PBXFileReference; lastKnownFileType = sourcecode.c.objc; path = HGPageContent2Controller.m; sourceTree = "<group>"; };
		6341E5DC20C784FC005065C5 /* HGPayController.h */ = {isa = PBXFileReference; lastKnownFileType = sourcecode.c.h; path = HGPayController.h; sourceTree = "<group>"; };
		6341E5DD20C784FC005065C5 /* HGPayController.m */ = {isa = PBXFileReference; lastKnownFileType = sourcecode.c.objc; path = HGPayController.m; sourceTree = "<group>"; };
		6341E5E320C7B74F005065C5 /* CNPPopupController.h */ = {isa = PBXFileReference; fileEncoding = 4; lastKnownFileType = sourcecode.c.h; path = CNPPopupController.h; sourceTree = "<group>"; };
		6341E5E420C7B74F005065C5 /* CNPPopupController.m */ = {isa = PBXFileReference; fileEncoding = 4; lastKnownFileType = sourcecode.c.objc; path = CNPPopupController.m; sourceTree = "<group>"; };
		6341E5E720C7B7CB005065C5 /* HGHorizontalSelectView.h */ = {isa = PBXFileReference; lastKnownFileType = sourcecode.c.h; path = HGHorizontalSelectView.h; sourceTree = "<group>"; };
		6341E5E820C7B7CB005065C5 /* HGHorizontalSelectView.m */ = {isa = PBXFileReference; lastKnownFileType = sourcecode.c.objc; path = HGHorizontalSelectView.m; sourceTree = "<group>"; };
		6341E5F020C8DD39005065C5 /* HGPopupManager.h */ = {isa = PBXFileReference; lastKnownFileType = sourcecode.c.h; path = HGPopupManager.h; sourceTree = "<group>"; };
		6341E5F120C8DD39005065C5 /* HGPopupManager.m */ = {isa = PBXFileReference; lastKnownFileType = sourcecode.c.objc; path = HGPopupManager.m; sourceTree = "<group>"; };
		6341E5F320C9117E005065C5 /* HGVerticalSelectView.h */ = {isa = PBXFileReference; lastKnownFileType = sourcecode.c.h; path = HGVerticalSelectView.h; sourceTree = "<group>"; };
		6341E5F420C9117E005065C5 /* HGVerticalSelectView.m */ = {isa = PBXFileReference; lastKnownFileType = sourcecode.c.objc; path = HGVerticalSelectView.m; sourceTree = "<group>"; };
		635A8D06207C923600E4E4D6 /* NSString+URITemplate.h */ = {isa = PBXFileReference; lastKnownFileType = sourcecode.c.h; path = "NSString+URITemplate.h"; sourceTree = "<group>"; };
		635A8D07207C923600E4E4D6 /* NSString+URITemplate.m */ = {isa = PBXFileReference; lastKnownFileType = sourcecode.c.objc; path = "NSString+URITemplate.m"; sourceTree = "<group>"; };
		635C24D71FF63D410070BC46 /* HGPickerView.h */ = {isa = PBXFileReference; lastKnownFileType = sourcecode.c.h; path = HGPickerView.h; sourceTree = "<group>"; };
		635C24D81FF63D410070BC46 /* HGPickerView.m */ = {isa = PBXFileReference; lastKnownFileType = sourcecode.c.objc; path = HGPickerView.m; sourceTree = "<group>"; };
		635C24DA1FF63D500070BC46 /* HGDatePickerView.h */ = {isa = PBXFileReference; lastKnownFileType = sourcecode.c.h; path = HGDatePickerView.h; sourceTree = "<group>"; };
		635C24DB1FF63D500070BC46 /* HGDatePickerView.m */ = {isa = PBXFileReference; lastKnownFileType = sourcecode.c.objc; path = HGDatePickerView.m; sourceTree = "<group>"; };
		635C24DF1FFB6CB10070BC46 /* HGTextField.h */ = {isa = PBXFileReference; lastKnownFileType = sourcecode.c.h; path = HGTextField.h; sourceTree = "<group>"; };
		635C24E01FFB6CB10070BC46 /* HGTextField.m */ = {isa = PBXFileReference; lastKnownFileType = sourcecode.c.objc; path = HGTextField.m; sourceTree = "<group>"; };
		635C24E21FFB6D3A0070BC46 /* HGTextFieldController.h */ = {isa = PBXFileReference; lastKnownFileType = sourcecode.c.h; path = HGTextFieldController.h; sourceTree = "<group>"; };
		635C24E31FFB6D3A0070BC46 /* HGTextFieldController.m */ = {isa = PBXFileReference; lastKnownFileType = sourcecode.c.objc; path = HGTextFieldController.m; sourceTree = "<group>"; };
		635C24E51FFB71C60070BC46 /* HGTextView.h */ = {isa = PBXFileReference; lastKnownFileType = sourcecode.c.h; path = HGTextView.h; sourceTree = "<group>"; };
		635C24E61FFB71C60070BC46 /* HGTextView.m */ = {isa = PBXFileReference; lastKnownFileType = sourcecode.c.objc; path = HGTextView.m; sourceTree = "<group>"; };
		635C24E91FFB8BAB0070BC46 /* HGTextViewController.h */ = {isa = PBXFileReference; lastKnownFileType = sourcecode.c.h; path = HGTextViewController.h; sourceTree = "<group>"; };
		635C24EA1FFB8BAB0070BC46 /* HGTextViewController.m */ = {isa = PBXFileReference; lastKnownFileType = sourcecode.c.objc; path = HGTextViewController.m; sourceTree = "<group>"; };
		635C24EC1FFCAE580070BC46 /* HGImagePreviewCell.h */ = {isa = PBXFileReference; lastKnownFileType = sourcecode.c.h; path = HGImagePreviewCell.h; sourceTree = "<group>"; };
		635C24ED1FFCAE580070BC46 /* HGImagePreviewCell.m */ = {isa = PBXFileReference; lastKnownFileType = sourcecode.c.objc; path = HGImagePreviewCell.m; sourceTree = "<group>"; };
		635C24F01FFCB28F0070BC46 /* UIColor+HG.h */ = {isa = PBXFileReference; lastKnownFileType = sourcecode.c.h; path = "UIColor+HG.h"; sourceTree = "<group>"; };
		635C24F11FFCB28F0070BC46 /* UIColor+HG.m */ = {isa = PBXFileReference; lastKnownFileType = sourcecode.c.objc; path = "UIColor+HG.m"; sourceTree = "<group>"; };
		635C24F51FFCB40B0070BC46 /* HGCategoriesHeader.h */ = {isa = PBXFileReference; lastKnownFileType = sourcecode.c.h; path = HGCategoriesHeader.h; sourceTree = "<group>"; };
		635C24F61FFCBE760070BC46 /* HGZoomImageView.h */ = {isa = PBXFileReference; lastKnownFileType = sourcecode.c.h; path = HGZoomImageView.h; sourceTree = "<group>"; };
		635C24F71FFCBE760070BC46 /* HGZoomImageView.m */ = {isa = PBXFileReference; lastKnownFileType = sourcecode.c.objc; path = HGZoomImageView.m; sourceTree = "<group>"; };
		635C24FA1FFCDE3F0070BC46 /* HGZoomImageController.h */ = {isa = PBXFileReference; lastKnownFileType = sourcecode.c.h; path = HGZoomImageController.h; sourceTree = "<group>"; };
		635C24FB1FFCDE3F0070BC46 /* HGZoomImageController.m */ = {isa = PBXFileReference; lastKnownFileType = sourcecode.c.objc; path = HGZoomImageController.m; sourceTree = "<group>"; };
		635C57C420031267004CE18B /* HGPhotoBrowser.h */ = {isa = PBXFileReference; lastKnownFileType = sourcecode.c.h; path = HGPhotoBrowser.h; sourceTree = "<group>"; };
		635C57C520031267004CE18B /* HGPhotoBrowser.m */ = {isa = PBXFileReference; lastKnownFileType = sourcecode.c.objc; path = HGPhotoBrowser.m; sourceTree = "<group>"; };
		635C57C720033319004CE18B /* HGBrowserController.h */ = {isa = PBXFileReference; lastKnownFileType = sourcecode.c.h; path = HGBrowserController.h; sourceTree = "<group>"; };
		635C57C820033319004CE18B /* HGBrowserController.m */ = {isa = PBXFileReference; lastKnownFileType = sourcecode.c.objc; path = HGBrowserController.m; sourceTree = "<group>"; };
		635C57CD20048E29004CE18B /* HGScrollController.h */ = {isa = PBXFileReference; lastKnownFileType = sourcecode.c.h; path = HGScrollController.h; sourceTree = "<group>"; };
		635C57CE20048E29004CE18B /* HGScrollController.m */ = {isa = PBXFileReference; lastKnownFileType = sourcecode.c.objc; path = HGScrollController.m; sourceTree = "<group>"; };
		635C57D120048F4A004CE18B /* HGScrollView.h */ = {isa = PBXFileReference; lastKnownFileType = sourcecode.c.h; path = HGScrollView.h; sourceTree = "<group>"; };
		635C57D220048F4A004CE18B /* HGScrollView.m */ = {isa = PBXFileReference; lastKnownFileType = sourcecode.c.objc; path = HGScrollView.m; sourceTree = "<group>"; };
		6360B0F320E0EC3E00611D2C /* README.md */ = {isa = PBXFileReference; fileEncoding = 4; lastKnownFileType = net.daringfireball.markdown; path = README.md; sourceTree = "<group>"; };
		6362395B20DCC4D500C96C5B /* HGPopMenu.h */ = {isa = PBXFileReference; lastKnownFileType = sourcecode.c.h; path = HGPopMenu.h; sourceTree = "<group>"; };
		6362395C20DCC4D500C96C5B /* HGPopMenu.m */ = {isa = PBXFileReference; lastKnownFileType = sourcecode.c.objc; path = HGPopMenu.m; sourceTree = "<group>"; };
		6362395E20DCC52900C96C5B /* HGPopTableViewController.h */ = {isa = PBXFileReference; lastKnownFileType = sourcecode.c.h; path = HGPopTableViewController.h; sourceTree = "<group>"; };
		6362395F20DCC52900C96C5B /* HGPopTableViewController.m */ = {isa = PBXFileReference; lastKnownFileType = sourcecode.c.objc; path = HGPopTableViewController.m; sourceTree = "<group>"; };
		6362396120DCF34900C96C5B /* UserNotifications.framework */ = {isa = PBXFileReference; lastKnownFileType = wrapper.framework; name = UserNotifications.framework; path = System/Library/Frameworks/UserNotifications.framework; sourceTree = SDKROOT; };
		6362396420DCF70A00C96C5B /* HGInitiation.entitlements */ = {isa = PBXFileReference; lastKnownFileType = text.plist.entitlements; path = HGInitiation.entitlements; sourceTree = "<group>"; };
		6365AF5F20B6A81000856358 /* UIViewController+HGNavItems.h */ = {isa = PBXFileReference; lastKnownFileType = sourcecode.c.h; path = "UIViewController+HGNavItems.h"; sourceTree = "<group>"; };
		6365AF6020B6A81000856358 /* UIViewController+HGNavItems.m */ = {isa = PBXFileReference; lastKnownFileType = sourcecode.c.objc; path = "UIViewController+HGNavItems.m"; sourceTree = "<group>"; };
		636B222420DA459D0073C7F2 /* UIButton+CountDown.h */ = {isa = PBXFileReference; lastKnownFileType = sourcecode.c.h; path = "UIButton+CountDown.h"; sourceTree = "<group>"; };
		636B222520DA459D0073C7F2 /* UIButton+CountDown.m */ = {isa = PBXFileReference; lastKnownFileType = sourcecode.c.objc; path = "UIButton+CountDown.m"; sourceTree = "<group>"; };
		636B222720DA56120073C7F2 /* Const.swift */ = {isa = PBXFileReference; lastKnownFileType = sourcecode.swift; path = Const.swift; sourceTree = "<group>"; };
		636D6CFF20E338F4006D0FC4 /* fifa-world-cup.png */ = {isa = PBXFileReference; lastKnownFileType = image.png; path = "fifa-world-cup.png"; sourceTree = "<group>"; };
		636D6D0220E36CDF006D0FC4 /* HGProgressHUDManager.h */ = {isa = PBXFileReference; lastKnownFileType = sourcecode.c.h; path = HGProgressHUDManager.h; sourceTree = "<group>"; };
		636D6D0320E36CDF006D0FC4 /* HGProgressHUDManager.m */ = {isa = PBXFileReference; lastKnownFileType = sourcecode.c.objc; path = HGProgressHUDManager.m; sourceTree = "<group>"; };
		636D6D0520E37B4B006D0FC4 /* HGProgressHUDTest.h */ = {isa = PBXFileReference; lastKnownFileType = sourcecode.c.h; path = HGProgressHUDTest.h; sourceTree = "<group>"; };
		636D6D0620E37B4B006D0FC4 /* HGProgressHUDTest.m */ = {isa = PBXFileReference; lastKnownFileType = sourcecode.c.objc; path = HGProgressHUDTest.m; sourceTree = "<group>"; };
		63878761206A2C16006FE525 /* HGDownloader.h */ = {isa = PBXFileReference; lastKnownFileType = sourcecode.c.h; path = HGDownloader.h; sourceTree = "<group>"; };
		63878762206A2C16006FE525 /* HGDownloader.m */ = {isa = PBXFileReference; lastKnownFileType = sourcecode.c.objc; path = HGDownloader.m; sourceTree = "<group>"; };
		63880B941FF0DD5F00DAFD68 /* HGInitiation.app */ = {isa = PBXFileReference; explicitFileType = wrapper.application; includeInIndex = 0; path = HGInitiation.app; sourceTree = BUILT_PRODUCTS_DIR; };
		63880B971FF0DD5F00DAFD68 /* AppDelegate.h */ = {isa = PBXFileReference; lastKnownFileType = sourcecode.c.h; path = AppDelegate.h; sourceTree = "<group>"; };
		63880B981FF0DD5F00DAFD68 /* AppDelegate.m */ = {isa = PBXFileReference; lastKnownFileType = sourcecode.c.objc; path = AppDelegate.m; sourceTree = "<group>"; };
		63880B9A1FF0DD5F00DAFD68 /* ViewController.h */ = {isa = PBXFileReference; lastKnownFileType = sourcecode.c.h; path = ViewController.h; sourceTree = "<group>"; };
		63880B9B1FF0DD5F00DAFD68 /* ViewController.m */ = {isa = PBXFileReference; lastKnownFileType = sourcecode.c.objc; path = ViewController.m; sourceTree = "<group>"; };
		63880B9E1FF0DD5F00DAFD68 /* Base */ = {isa = PBXFileReference; lastKnownFileType = file.storyboard; name = Base; path = Base.lproj/Main.storyboard; sourceTree = "<group>"; };
		63880BA01FF0DD5F00DAFD68 /* Assets.xcassets */ = {isa = PBXFileReference; lastKnownFileType = folder.assetcatalog; path = Assets.xcassets; sourceTree = "<group>"; };
		63880BA31FF0DD5F00DAFD68 /* Base */ = {isa = PBXFileReference; lastKnownFileType = file.storyboard; name = Base; path = Base.lproj/LaunchScreen.storyboard; sourceTree = "<group>"; };
		63880BA51FF0DD5F00DAFD68 /* Info.plist */ = {isa = PBXFileReference; lastKnownFileType = text.plist.xml; path = Info.plist; sourceTree = "<group>"; };
		63880BA61FF0DD5F00DAFD68 /* main.m */ = {isa = PBXFileReference; lastKnownFileType = sourcecode.c.objc; path = main.m; sourceTree = "<group>"; };
		63880BAD1FF0DD9000DAFD68 /* PrefixHeader.pch */ = {isa = PBXFileReference; lastKnownFileType = sourcecode.c.h; path = PrefixHeader.pch; sourceTree = "<group>"; };
		63880BB11FF0DF6800DAFD68 /* HGHTTPClient.h */ = {isa = PBXFileReference; lastKnownFileType = sourcecode.c.h; path = HGHTTPClient.h; sourceTree = "<group>"; };
		63880BB21FF0DF6800DAFD68 /* HGHTTPClient.m */ = {isa = PBXFileReference; lastKnownFileType = sourcecode.c.objc; path = HGHTTPClient.m; sourceTree = "<group>"; };
		63880BB51FF0DF9200DAFD68 /* HGHTTPService.h */ = {isa = PBXFileReference; lastKnownFileType = sourcecode.c.h; path = HGHTTPService.h; sourceTree = "<group>"; };
		63880BB61FF0DFE800DAFD68 /* HGDefaultHTTPService.h */ = {isa = PBXFileReference; lastKnownFileType = sourcecode.c.h; path = HGDefaultHTTPService.h; sourceTree = "<group>"; };
		63880BB71FF0DFE800DAFD68 /* HGDefaultHTTPService.m */ = {isa = PBXFileReference; lastKnownFileType = sourcecode.c.objc; path = HGDefaultHTTPService.m; sourceTree = "<group>"; };
		63880BB91FF0E01200DAFD68 /* HGHTTPConfiguration.h */ = {isa = PBXFileReference; lastKnownFileType = sourcecode.c.h; path = HGHTTPConfiguration.h; sourceTree = "<group>"; };
		63880BBD1FF0EA5700DAFD68 /* HGBASEViewController.h */ = {isa = PBXFileReference; lastKnownFileType = sourcecode.c.h; path = HGBASEViewController.h; sourceTree = "<group>"; };
		63880BBE1FF0EA5700DAFD68 /* HGBASEViewController.m */ = {isa = PBXFileReference; lastKnownFileType = sourcecode.c.objc; path = HGBASEViewController.m; sourceTree = "<group>"; };
		63880BC01FF0EA6B00DAFD68 /* ViewUtils.m */ = {isa = PBXFileReference; fileEncoding = 4; lastKnownFileType = sourcecode.c.objc; path = ViewUtils.m; sourceTree = "<group>"; };
		63880BC11FF0EA6B00DAFD68 /* ViewUtils.h */ = {isa = PBXFileReference; fileEncoding = 4; lastKnownFileType = sourcecode.c.h; path = ViewUtils.h; sourceTree = "<group>"; };
		63880BC91FF0F8E600DAFD68 /* Photos.framework */ = {isa = PBXFileReference; lastKnownFileType = wrapper.framework; name = Photos.framework; path = System/Library/Frameworks/Photos.framework; sourceTree = SDKROOT; };
		63880BCB1FF0F8EC00DAFD68 /* AVFoundation.framework */ = {isa = PBXFileReference; lastKnownFileType = wrapper.framework; name = AVFoundation.framework; path = System/Library/Frameworks/AVFoundation.framework; sourceTree = SDKROOT; };
		63880BCE1FF1E1F300DAFD68 /* HGAssetManager.h */ = {isa = PBXFileReference; lastKnownFileType = sourcecode.c.h; path = HGAssetManager.h; sourceTree = "<group>"; };
		63880BCF1FF1E1F300DAFD68 /* HGAssetManager.m */ = {isa = PBXFileReference; lastKnownFileType = sourcecode.c.objc; path = HGAssetManager.m; sourceTree = "<group>"; };
		6389B2111FF61A9100EBBF6C /* HGAvatarClipperController.h */ = {isa = PBXFileReference; fileEncoding = 4; lastKnownFileType = sourcecode.c.h; path = HGAvatarClipperController.h; sourceTree = "<group>"; };
		6389B2121FF61A9100EBBF6C /* UIColor+Tweak.h */ = {isa = PBXFileReference; fileEncoding = 4; lastKnownFileType = sourcecode.c.h; path = "UIColor+Tweak.h"; sourceTree = "<group>"; };
		6389B2131FF61A9100EBBF6C /* UIColor+Tweak.m */ = {isa = PBXFileReference; fileEncoding = 4; lastKnownFileType = sourcecode.c.objc; path = "UIColor+Tweak.m"; sourceTree = "<group>"; };
		6389B2141FF61A9100EBBF6C /* HGClipperView.h */ = {isa = PBXFileReference; fileEncoding = 4; lastKnownFileType = sourcecode.c.h; path = HGClipperView.h; sourceTree = "<group>"; };
		6389B2151FF61A9100EBBF6C /* HGAvatarClipperController.m */ = {isa = PBXFileReference; fileEncoding = 4; lastKnownFileType = sourcecode.c.objc; path = HGAvatarClipperController.m; sourceTree = "<group>"; };
		6389B2161FF61A9100EBBF6C /* HGClipperView.m */ = {isa = PBXFileReference; fileEncoding = 4; lastKnownFileType = sourcecode.c.objc; path = HGClipperView.m; sourceTree = "<group>"; };
		6392026820D257400014742E /* CHTCollectionViewWaterfallLayout.h */ = {isa = PBXFileReference; fileEncoding = 4; lastKnownFileType = sourcecode.c.h; path = CHTCollectionViewWaterfallLayout.h; sourceTree = "<group>"; };
		6392026920D257400014742E /* CHTCollectionViewWaterfallLayout.m */ = {isa = PBXFileReference; fileEncoding = 4; lastKnownFileType = sourcecode.c.objc; path = CHTCollectionViewWaterfallLayout.m; sourceTree = "<group>"; };
		63949EE120AC066C007F944B /* HGFeaturedController.h */ = {isa = PBXFileReference; lastKnownFileType = sourcecode.c.h; path = HGFeaturedController.h; sourceTree = "<group>"; };
		63949EE220AC066C007F944B /* HGFeaturedController.m */ = {isa = PBXFileReference; lastKnownFileType = sourcecode.c.objc; path = HGFeaturedController.m; sourceTree = "<group>"; };
		63949EE420AC06B6007F944B /* HGWhateverController.h */ = {isa = PBXFileReference; lastKnownFileType = sourcecode.c.h; path = HGWhateverController.h; sourceTree = "<group>"; };
		63949EE520AC06B6007F944B /* HGWhateverController.m */ = {isa = PBXFileReference; lastKnownFileType = sourcecode.c.objc; path = HGWhateverController.m; sourceTree = "<group>"; };
		63949EF020AC2743007F944B /* NSNumber+HGRandom.h */ = {isa = PBXFileReference; lastKnownFileType = sourcecode.c.h; path = "NSNumber+HGRandom.h"; sourceTree = "<group>"; };
		63949EF120AC2743007F944B /* NSNumber+HGRandom.m */ = {isa = PBXFileReference; lastKnownFileType = sourcecode.c.objc; path = "NSNumber+HGRandom.m"; sourceTree = "<group>"; };
		63949EF320AD680D007F944B /* HGScrollCustomCell.h */ = {isa = PBXFileReference; lastKnownFileType = sourcecode.c.h; path = HGScrollCustomCell.h; sourceTree = "<group>"; };
		63949EF420AD680D007F944B /* HGScrollCustomCell.m */ = {isa = PBXFileReference; lastKnownFileType = sourcecode.c.objc; path = HGScrollCustomCell.m; sourceTree = "<group>"; };
		63A0C70D2041487700FFD56E /* HGOtherController.h */ = {isa = PBXFileReference; lastKnownFileType = sourcecode.c.h; path = HGOtherController.h; sourceTree = "<group>"; };
		63A0C70E2041487700FFD56E /* HGOtherController.m */ = {isa = PBXFileReference; lastKnownFileType = sourcecode.c.objc; path = HGOtherController.m; sourceTree = "<group>"; };
		63A0C7102043CDC700FFD56E /* SystemConfiguration.framework */ = {isa = PBXFileReference; lastKnownFileType = wrapper.framework; name = SystemConfiguration.framework; path = System/Library/Frameworks/SystemConfiguration.framework; sourceTree = SDKROOT; };
		63B8C80B20B2ADAD00CFB3EC /* HGPageController.h */ = {isa = PBXFileReference; lastKnownFileType = sourcecode.c.h; path = HGPageController.h; sourceTree = "<group>"; };
		63B8C80C20B2ADAD00CFB3EC /* HGPageController.m */ = {isa = PBXFileReference; lastKnownFileType = sourcecode.c.objc; path = HGPageController.m; sourceTree = "<group>"; };
		63B9622320D3609400D31B9C /* HGGlobalMacro.h */ = {isa = PBXFileReference; lastKnownFileType = sourcecode.c.h; path = HGGlobalMacro.h; sourceTree = "<group>"; };
		63B9622520D360BC00D31B9C /* HGStaticMacro.h */ = {isa = PBXFileReference; lastKnownFileType = sourcecode.c.h; path = HGStaticMacro.h; sourceTree = "<group>"; };
		63B9A169205648DF0006B2E9 /* HGPageContentController.h */ = {isa = PBXFileReference; lastKnownFileType = sourcecode.c.h; path = HGPageContentController.h; sourceTree = "<group>"; };
		63B9A16A205648DF0006B2E9 /* HGPageContentController.m */ = {isa = PBXFileReference; lastKnownFileType = sourcecode.c.objc; path = HGPageContentController.m; sourceTree = "<group>"; };
		63C66CE620D8ECE100D27833 /* HGSelectAdditionalView.h */ = {isa = PBXFileReference; lastKnownFileType = sourcecode.c.h; path = HGSelectAdditionalView.h; sourceTree = "<group>"; };
		63C66CE720D8ECE100D27833 /* HGSelectAdditionalView.m */ = {isa = PBXFileReference; lastKnownFileType = sourcecode.c.objc; path = HGSelectAdditionalView.m; sourceTree = "<group>"; };
		63C66CE920D8F61900D27833 /* HGHorizontalSelectTCell.h */ = {isa = PBXFileReference; lastKnownFileType = sourcecode.c.h; path = HGHorizontalSelectTCell.h; sourceTree = "<group>"; };
		63C66CEA20D8F61900D27833 /* HGHorizontalSelectTCell.m */ = {isa = PBXFileReference; lastKnownFileType = sourcecode.c.objc; path = HGHorizontalSelectTCell.m; sourceTree = "<group>"; };
		63C66CEC20D8F65200D27833 /* HGHorizontalSelectCCell.h */ = {isa = PBXFileReference; lastKnownFileType = sourcecode.c.h; path = HGHorizontalSelectCCell.h; sourceTree = "<group>"; };
		63C66CED20D8F65200D27833 /* HGHorizontalSelectCCell.m */ = {isa = PBXFileReference; lastKnownFileType = sourcecode.c.objc; path = HGHorizontalSelectCCell.m; sourceTree = "<group>"; };
		63C66CF120D9064200D27833 /* UIStoryboard+HG.h */ = {isa = PBXFileReference; lastKnownFileType = sourcecode.c.h; path = "UIStoryboard+HG.h"; sourceTree = "<group>"; };
		63C66CF220D9064200D27833 /* UIStoryboard+HG.m */ = {isa = PBXFileReference; lastKnownFileType = sourcecode.c.objc; path = "UIStoryboard+HG.m"; sourceTree = "<group>"; };
		63C66CF620D90EF400D27833 /* Login.storyboard */ = {isa = PBXFileReference; lastKnownFileType = file.storyboard; path = Login.storyboard; sourceTree = "<group>"; };
		63C66CF820D9EB3500D27833 /* HGLoginController.swift */ = {isa = PBXFileReference; lastKnownFileType = sourcecode.swift; path = HGLoginController.swift; sourceTree = "<group>"; };
		63C66CFA20D9F89600D27833 /* HGRegisterController.swift */ = {isa = PBXFileReference; lastKnownFileType = sourcecode.swift; path = HGRegisterController.swift; sourceTree = "<group>"; };
		63D5596C2007123200BBA0BE /* UIScrollView+HGRefresh.h */ = {isa = PBXFileReference; lastKnownFileType = sourcecode.c.h; path = "UIScrollView+HGRefresh.h"; sourceTree = "<group>"; };
		63D5596D2007123200BBA0BE /* UIScrollView+HGRefresh.m */ = {isa = PBXFileReference; lastKnownFileType = sourcecode.c.objc; path = "UIScrollView+HGRefresh.m"; sourceTree = "<group>"; };
		63D5596F200733F200BBA0BE /* HGHelperPush.h */ = {isa = PBXFileReference; lastKnownFileType = sourcecode.c.h; path = HGHelperPush.h; sourceTree = "<group>"; };
		63D55970200733F200BBA0BE /* HGHelperPush.m */ = {isa = PBXFileReference; lastKnownFileType = sourcecode.c.objc; path = HGHelperPush.m; sourceTree = "<group>"; };
		63D559722007346800BBA0BE /* NSObject+HGAssociate.h */ = {isa = PBXFileReference; lastKnownFileType = sourcecode.c.h; path = "NSObject+HGAssociate.h"; sourceTree = "<group>"; };
		63D559732007346800BBA0BE /* NSObject+HGAssociate.m */ = {isa = PBXFileReference; lastKnownFileType = sourcecode.c.objc; path = "NSObject+HGAssociate.m"; sourceTree = "<group>"; };
		63D559752007516100BBA0BE /* HGWaterfallController.h */ = {isa = PBXFileReference; lastKnownFileType = sourcecode.c.h; path = HGWaterfallController.h; sourceTree = "<group>"; };
		63D559762007516100BBA0BE /* HGWaterfallController.m */ = {isa = PBXFileReference; lastKnownFileType = sourcecode.c.objc; path = HGWaterfallController.m; sourceTree = "<group>"; };
		63D559782008595800BBA0BE /* UIViewController+HGAlert.h */ = {isa = PBXFileReference; lastKnownFileType = sourcecode.c.h; path = "UIViewController+HGAlert.h"; sourceTree = "<group>"; };
		63D559792008595800BBA0BE /* UIViewController+HGAlert.m */ = {isa = PBXFileReference; lastKnownFileType = sourcecode.c.objc; path = "UIViewController+HGAlert.m"; sourceTree = "<group>"; };
		63EDC0331FFE02F40049597F /* NSString+HG.h */ = {isa = PBXFileReference; lastKnownFileType = sourcecode.c.h; path = "NSString+HG.h"; sourceTree = "<group>"; };
		63EDC0341FFE02F40049597F /* NSString+HG.m */ = {isa = PBXFileReference; lastKnownFileType = sourcecode.c.objc; path = "NSString+HG.m"; sourceTree = "<group>"; };
		63EDC0381FFF0AEE0049597F /* HGWebViewController.h */ = {isa = PBXFileReference; lastKnownFileType = sourcecode.c.h; path = HGWebViewController.h; sourceTree = "<group>"; };
		63EDC0391FFF0AEE0049597F /* HGWebViewController.m */ = {isa = PBXFileReference; lastKnownFileType = sourcecode.c.objc; path = HGWebViewController.m; sourceTree = "<group>"; };
		63EDC03B1FFF0B860049597F /* WebKit.framework */ = {isa = PBXFileReference; lastKnownFileType = wrapper.framework; name = WebKit.framework; path = System/Library/Frameworks/WebKit.framework; sourceTree = SDKROOT; };
		63EDC03F1FFF23CA0049597F /* HGWebViewProgressView.h */ = {isa = PBXFileReference; lastKnownFileType = sourcecode.c.h; path = HGWebViewProgressView.h; sourceTree = "<group>"; };
		63EDC0401FFF23CA0049597F /* HGWebViewProgressView.m */ = {isa = PBXFileReference; lastKnownFileType = sourcecode.c.objc; path = HGWebViewProgressView.m; sourceTree = "<group>"; };
		63F3D3D720C520F8000AC732 /* HGPageContentsView.h */ = {isa = PBXFileReference; lastKnownFileType = sourcecode.c.h; path = HGPageContentsView.h; sourceTree = "<group>"; };
		63F3D3D820C520F8000AC732 /* HGPageContentsView.m */ = {isa = PBXFileReference; lastKnownFileType = sourcecode.c.objc; path = HGPageContentsView.m; sourceTree = "<group>"; };
		63F3D3DA20C5213F000AC732 /* HGPageTitlesView.h */ = {isa = PBXFileReference; lastKnownFileType = sourcecode.c.h; path = HGPageTitlesView.h; sourceTree = "<group>"; };
		63F3D3DB20C5213F000AC732 /* HGPageTitlesView.m */ = {isa = PBXFileReference; lastKnownFileType = sourcecode.c.objc; path = HGPageTitlesView.m; sourceTree = "<group>"; };
		63F3D3DD20C53F89000AC732 /* HGPageControllerDemo.h */ = {isa = PBXFileReference; lastKnownFileType = sourcecode.c.h; path = HGPageControllerDemo.h; sourceTree = "<group>"; };
		63F3D3DE20C53F89000AC732 /* HGPageControllerDemo.m */ = {isa = PBXFileReference; lastKnownFileType = sourcecode.c.objc; path = HGPageControllerDemo.m; sourceTree = "<group>"; };
		63F3D3E020C54826000AC732 /* HGPageTitleItem.h */ = {isa = PBXFileReference; lastKnownFileType = sourcecode.c.h; path = HGPageTitleItem.h; sourceTree = "<group>"; };
		63F3D3E120C54826000AC732 /* HGPageTitleItem.m */ = {isa = PBXFileReference; lastKnownFileType = sourcecode.c.objc; path = HGPageTitleItem.m; sourceTree = "<group>"; };
		63F6BB982094753900BB8EFF /* HGHelperFPS.h */ = {isa = PBXFileReference; lastKnownFileType = sourcecode.c.h; path = HGHelperFPS.h; sourceTree = "<group>"; };
		63F6BB992094753900BB8EFF /* HGHelperFPS.m */ = {isa = PBXFileReference; lastKnownFileType = sourcecode.c.objc; path = HGHelperFPS.m; sourceTree = "<group>"; };
		63F6BB9B2099994200BB8EFF /* HGBASENavigationController.h */ = {isa = PBXFileReference; lastKnownFileType = sourcecode.c.h; path = HGBASENavigationController.h; sourceTree = "<group>"; };
		63F6BB9C2099994200BB8EFF /* HGBASENavigationController.m */ = {isa = PBXFileReference; lastKnownFileType = sourcecode.c.objc; path = HGBASENavigationController.m; sourceTree = "<group>"; };
		63F6BBBB209AAF0100BB8EFF /* HGFunctionsController.h */ = {isa = PBXFileReference; lastKnownFileType = sourcecode.c.h; path = HGFunctionsController.h; sourceTree = "<group>"; };
		63F6BBBC209AAF0100BB8EFF /* HGFunctionsController.m */ = {isa = PBXFileReference; lastKnownFileType = sourcecode.c.objc; path = HGFunctionsController.m; sourceTree = "<group>"; };
		63F6BBC0209AB07000BB8EFF /* HGSettingsController.h */ = {isa = PBXFileReference; lastKnownFileType = sourcecode.c.h; path = HGSettingsController.h; sourceTree = "<group>"; };
		63F6BBC1209AB07000BB8EFF /* HGSettingsController.m */ = {isa = PBXFileReference; lastKnownFileType = sourcecode.c.objc; path = HGSettingsController.m; sourceTree = "<group>"; };
/* End PBXFileReference section */

/* Begin PBXFrameworksBuildPhase section */
		63880B911FF0DD5F00DAFD68 /* Frameworks */ = {
			isa = PBXFrameworksBuildPhase;
			buildActionMask = 2147483647;
			files = (
				6362396320DCF59E00C96C5B /* UserNotifications.framework in Frameworks */,
				63A0C7112043CDC700FFD56E /* SystemConfiguration.framework in Frameworks */,
				63EDC03C1FFF0B860049597F /* WebKit.framework in Frameworks */,
				632B7AB91FF38FF5000F57A3 /* MobileCoreServices.framework in Frameworks */,
				63880BCC1FF0F8ED00DAFD68 /* AVFoundation.framework in Frameworks */,
				63880BCA1FF0F8E600DAFD68 /* Photos.framework in Frameworks */,
				132162FD58EE1519DE200858 /* Pods_HGInitiation.framework in Frameworks */,
			);
			runOnlyForDeploymentPostprocessing = 0;
		};
/* End PBXFrameworksBuildPhase section */

/* Begin PBXGroup section */
		3AA65109DE2CB3C74EF37F05 /* Pods */ = {
			isa = PBXGroup;
			children = (
				4A97863A459CF3C9AD01DB09 /* Pods-HGInitiation.debug.xcconfig */,
				62929185647B0BDFA97BBF9F /* Pods-HGInitiation.release.xcconfig */,
			);
			name = Pods;
			sourceTree = "<group>";
		};
		51F7300AD98B3FF88E97203B /* Frameworks */ = {
			isa = PBXGroup;
			children = (
				6362396120DCF34900C96C5B /* UserNotifications.framework */,
				63A0C7102043CDC700FFD56E /* SystemConfiguration.framework */,
				63EDC03B1FFF0B860049597F /* WebKit.framework */,
				632B7AB81FF38FF5000F57A3 /* MobileCoreServices.framework */,
				63880BCB1FF0F8EC00DAFD68 /* AVFoundation.framework */,
				63880BC91FF0F8E600DAFD68 /* Photos.framework */,
				17505472DF6E03E931560DC2 /* Pods_HGInitiation.framework */,
			);
			name = Frameworks;
			sourceTree = "<group>";
		};
		6312A6E7204E679400D7F5EF /* Sections */ = {
			isa = PBXGroup;
			children = (
				63949EE720AC19B0007F944B /* Login */,
				63949EE020AC0648007F944B /* Featured */,
				63949EDF20AC05EF007F944B /* Whatever */,
				63F6BBBF209AAFE400BB8EFF /* Settings */,
				63F6BBBE209AAFD400BB8EFF /* Functions */,
				6345EC5D20DB87570094D634 /* Demo */,
			);
			path = Sections;
			sourceTree = "<group>";
		};
		6312A6E8204E67AE00D7F5EF /* Vendors */ = {
			isa = PBXGroup;
			children = (
				6392026B20D2579D0014742E /* CNPPopupController */,
				6392026720D256F50014742E /* CHTCollectionViewWaterfallLayout */,
			);
			path = Vendors;
			sourceTree = "<group>";
		};
		631FE86B201726A400E9D8A2 /* Theme */ = {
			isa = PBXGroup;
			children = (
				631FE86C201726C500E9D8A2 /* HGThemeProtocol.h */,
				631FE8702017280700E9D8A2 /* HGThemeManager.h */,
				631FE8712017280700E9D8A2 /* HGThemeManager.m */,
				631FE86D2017275F00E9D8A2 /* HGThemeDefault.h */,
				631FE86E2017275F00E9D8A2 /* HGThemeDefault.m */,
				631FE8772017392F00E9D8A2 /* HGThemeWhatever.h */,
				631FE8782017392F00E9D8A2 /* HGThemeWhatever.m */,
			);
			path = Theme;
			sourceTree = "<group>";
		};
		631FE8732017303500E9D8A2 /* Core */ = {
			isa = PBXGroup;
			children = (
				631FE8742017305200E9D8A2 /* HGConfiguration.h */,
				631FE8752017305200E9D8A2 /* HGConfiguration.m */,
			);
			path = Core;
			sourceTree = "<group>";
		};
		6327575C20CFB0900095E28D /* PagesScroll */ = {
			isa = PBXGroup;
			children = (
				6327575D20CFB0D50095E28D /* HGPagesScrollView.h */,
				6327575E20CFB0D50095E28D /* HGPagesScrollView.m */,
			);
			path = PagesScroll;
			sourceTree = "<group>";
		};
		6341E5E220C7B742005065C5 /* Popup */ = {
			isa = PBXGroup;
			children = (
				6341E5E620C7B778005065C5 /* Views */,
				6341E5F020C8DD39005065C5 /* HGPopupManager.h */,
				6341E5F120C8DD39005065C5 /* HGPopupManager.m */,
			);
			path = Popup;
			sourceTree = "<group>";
		};
		6341E5E620C7B778005065C5 /* Views */ = {
			isa = PBXGroup;
			children = (
				6341E5E720C7B7CB005065C5 /* HGHorizontalSelectView.h */,
				6341E5E820C7B7CB005065C5 /* HGHorizontalSelectView.m */,
				6341E5F320C9117E005065C5 /* HGVerticalSelectView.h */,
				6341E5F420C9117E005065C5 /* HGVerticalSelectView.m */,
				63C66CE920D8F61900D27833 /* HGHorizontalSelectTCell.h */,
				63C66CEA20D8F61900D27833 /* HGHorizontalSelectTCell.m */,
				63C66CEC20D8F65200D27833 /* HGHorizontalSelectCCell.h */,
				63C66CED20D8F65200D27833 /* HGHorizontalSelectCCell.m */,
				63C66CE620D8ECE100D27833 /* HGSelectAdditionalView.h */,
				63C66CE720D8ECE100D27833 /* HGSelectAdditionalView.m */,
			);
			path = Views;
			sourceTree = "<group>";
		};
		6345EC5D20DB87570094D634 /* Demo */ = {
			isa = PBXGroup;
			children = (
				635C24E21FFB6D3A0070BC46 /* HGTextFieldController.h */,
				635C24E31FFB6D3A0070BC46 /* HGTextFieldController.m */,
				635C24E91FFB8BAB0070BC46 /* HGTextViewController.h */,
				635C24EA1FFB8BAB0070BC46 /* HGTextViewController.m */,
				635C24FA1FFCDE3F0070BC46 /* HGZoomImageController.h */,
				635C24FB1FFCDE3F0070BC46 /* HGZoomImageController.m */,
				635C57C720033319004CE18B /* HGBrowserController.h */,
				635C57C820033319004CE18B /* HGBrowserController.m */,
				635C57CD20048E29004CE18B /* HGScrollController.h */,
				635C57CE20048E29004CE18B /* HGScrollController.m */,
				63D559752007516100BBA0BE /* HGWaterfallController.h */,
				63D559762007516100BBA0BE /* HGWaterfallController.m */,
				63A0C70D2041487700FFD56E /* HGOtherController.h */,
				63A0C70E2041487700FFD56E /* HGOtherController.m */,
				63F3D3DD20C53F89000AC732 /* HGPageControllerDemo.h */,
				63F3D3DE20C53F89000AC732 /* HGPageControllerDemo.m */,
				63B9A169205648DF0006B2E9 /* HGPageContentController.h */,
				63B9A16A205648DF0006B2E9 /* HGPageContentController.m */,
				6341E5D920C77B95005065C5 /* HGPageContent2Controller.h */,
				6341E5DA20C77B95005065C5 /* HGPageContent2Controller.m */,
				6327575920CFB0510095E28D /* HGPagesWithHeaderDemo.h */,
				6327575A20CFB0510095E28D /* HGPagesWithHeaderDemo.m */,
				6301EBC42069F39800EBD4D3 /* HGDownloadController.h */,
				6301EBC52069F39800EBD4D3 /* HGDownloadController.m */,
				6341E5DC20C784FC005065C5 /* HGPayController.h */,
				6341E5DD20C784FC005065C5 /* HGPayController.m */,
				636D6D0520E37B4B006D0FC4 /* HGProgressHUDTest.h */,
				636D6D0620E37B4B006D0FC4 /* HGProgressHUDTest.m */,
			);
			path = Demo;
			sourceTree = "<group>";
		};
		635C24D61FF63D260070BC46 /* Picker */ = {
			isa = PBXGroup;
			children = (
				635C24D71FF63D410070BC46 /* HGPickerView.h */,
				635C24D81FF63D410070BC46 /* HGPickerView.m */,
				635C24DA1FF63D500070BC46 /* HGDatePickerView.h */,
				635C24DB1FF63D500070BC46 /* HGDatePickerView.m */,
			);
			path = Picker;
			sourceTree = "<group>";
		};
		635C24DD1FFB6C870070BC46 /* TextView */ = {
			isa = PBXGroup;
			children = (
				635C24E51FFB71C60070BC46 /* HGTextView.h */,
				635C24E61FFB71C60070BC46 /* HGTextView.m */,
			);
			path = TextView;
			sourceTree = "<group>";
		};
		635C24DE1FFB6C930070BC46 /* TextField */ = {
			isa = PBXGroup;
			children = (
				635C24DF1FFB6CB10070BC46 /* HGTextField.h */,
				635C24E01FFB6CB10070BC46 /* HGTextField.m */,
			);
			path = TextField;
			sourceTree = "<group>";
		};
		635C24EF1FFCB2610070BC46 /* Categories */ = {
			isa = PBXGroup;
			children = (
				635C24F51FFCB40B0070BC46 /* HGCategoriesHeader.h */,
				635C24F01FFCB28F0070BC46 /* UIColor+HG.h */,
				635C24F11FFCB28F0070BC46 /* UIColor+HG.m */,
				63EDC0331FFE02F40049597F /* NSString+HG.h */,
				63EDC0341FFE02F40049597F /* NSString+HG.m */,
				63D5596C2007123200BBA0BE /* UIScrollView+HGRefresh.h */,
				63D5596D2007123200BBA0BE /* UIScrollView+HGRefresh.m */,
				63D559722007346800BBA0BE /* NSObject+HGAssociate.h */,
				63D559732007346800BBA0BE /* NSObject+HGAssociate.m */,
				63D559782008595800BBA0BE /* UIViewController+HGAlert.h */,
				63D559792008595800BBA0BE /* UIViewController+HGAlert.m */,
				633E47D2200DDC7E004DF9E7 /* UIAlertAction+HGCustom.h */,
				633E47D3200DDC7E004DF9E7 /* UIAlertAction+HGCustom.m */,
				633E47D5200DDF7C004DF9E7 /* UIAlertController+HGCustom.h */,
				633E47D6200DDF7C004DF9E7 /* UIAlertController+HGCustom.m */,
				631FE8672017207C00E9D8A2 /* UIImage+HG.h */,
				631FE8682017207C00E9D8A2 /* UIImage+HG.m */,
				635A8D06207C923600E4E4D6 /* NSString+URITemplate.h */,
				635A8D07207C923600E4E4D6 /* NSString+URITemplate.m */,
				63949EF020AC2743007F944B /* NSNumber+HGRandom.h */,
				63949EF120AC2743007F944B /* NSNumber+HGRandom.m */,
				6365AF5F20B6A81000856358 /* UIViewController+HGNavItems.h */,
				6365AF6020B6A81000856358 /* UIViewController+HGNavItems.m */,
				63C66CF120D9064200D27833 /* UIStoryboard+HG.h */,
				63C66CF220D9064200D27833 /* UIStoryboard+HG.m */,
				636B222420DA459D0073C7F2 /* UIButton+CountDown.h */,
				636B222520DA459D0073C7F2 /* UIButton+CountDown.m */,
			);
			path = Categories;
			sourceTree = "<group>";
		};
		635C24FD1FFCDF190070BC46 /* Resources */ = {
			isa = PBXGroup;
			children = (
				631022172047913D00876AB6 /* large_leaves_70mp.jpg */,
				636D6CFF20E338F4006D0FC4 /* fifa-world-cup.png */,
				6306DF5D2031814700959275 /* 1.jpg */,
			);
			path = Resources;
			sourceTree = "<group>";
		};
		635C57C32003120E004CE18B /* PhotoBrowser */ = {
			isa = PBXGroup;
			children = (
				635C57C420031267004CE18B /* HGPhotoBrowser.h */,
				635C57C520031267004CE18B /* HGPhotoBrowser.m */,
			);
			path = PhotoBrowser;
			sourceTree = "<group>";
		};
		635C57CA20036037004CE18B /* Views */ = {
			isa = PBXGroup;
			children = (
				635C24F61FFCBE760070BC46 /* HGZoomImageView.h */,
				635C24F71FFCBE760070BC46 /* HGZoomImageView.m */,
				635C24EC1FFCAE580070BC46 /* HGImagePreviewCell.h */,
				635C24ED1FFCAE580070BC46 /* HGImagePreviewCell.m */,
				632B7AB11FF24643000F57A3 /* HGPhotoCell.h */,
				632B7AB21FF24643000F57A3 /* HGPhotoCell.m */,
			);
			path = Views;
			sourceTree = "<group>";
		};
		635C57CB20036052004CE18B /* Model */ = {
			isa = PBXGroup;
			children = (
				632B7ABD1FF3A3FD000F57A3 /* HGPhotoModel.h */,
				632B7ABE1FF3A3FD000F57A3 /* HGPhotoModel.m */,
			);
			path = Model;
			sourceTree = "<group>";
		};
		635C57CC20048C9C004CE18B /* Components */ = {
			isa = PBXGroup;
			children = (
				636D6D0120E36CB6006D0FC4 /* HUD */,
				6362395A20DCC46500C96C5B /* Popover */,
				6327575C20CFB0900095E28D /* PagesScroll */,
				6341E5E220C7B742005065C5 /* Popup */,
				63B8C80A20B2AD9400CFB3EC /* PageController */,
				63880BBC1FF0EA2700DAFD68 /* ViewUtils */,
				635C57C32003120E004CE18B /* PhotoBrowser */,
				63880BCD1FF1E17300DAFD68 /* ImagePicker */,
				63EDC0371FFF0AA80049597F /* ScrollView */,
				63EDC0361FFF0AA30049597F /* WebView */,
				635C24DE1FFB6C930070BC46 /* TextField */,
				635C24DD1FFB6C870070BC46 /* TextView */,
				635C24D61FF63D260070BC46 /* Picker */,
				6389B2101FF61A7F00EBBF6C /* AvatarClipper */,
			);
			path = Components;
			sourceTree = "<group>";
		};
		6362395A20DCC46500C96C5B /* Popover */ = {
			isa = PBXGroup;
			children = (
				6362395E20DCC52900C96C5B /* HGPopTableViewController.h */,
				6362395F20DCC52900C96C5B /* HGPopTableViewController.m */,
				6362395B20DCC4D500C96C5B /* HGPopMenu.h */,
				6362395C20DCC4D500C96C5B /* HGPopMenu.m */,
			);
			path = Popover;
			sourceTree = "<group>";
		};
		636D6D0120E36CB6006D0FC4 /* HUD */ = {
			isa = PBXGroup;
			children = (
				636D6D0220E36CDF006D0FC4 /* HGProgressHUDManager.h */,
				636D6D0320E36CDF006D0FC4 /* HGProgressHUDManager.m */,
			);
			path = HUD;
			sourceTree = "<group>";
		};
		63880B8B1FF0DD5F00DAFD68 = {
			isa = PBXGroup;
			children = (
				6360B0F320E0EC3E00611D2C /* README.md */,
				63880B961FF0DD5F00DAFD68 /* HGInitiation */,
				63880B951FF0DD5F00DAFD68 /* Products */,
				3AA65109DE2CB3C74EF37F05 /* Pods */,
				51F7300AD98B3FF88E97203B /* Frameworks */,
			);
			sourceTree = "<group>";
		};
		63880B951FF0DD5F00DAFD68 /* Products */ = {
			isa = PBXGroup;
			children = (
				63880B941FF0DD5F00DAFD68 /* HGInitiation.app */,
			);
			name = Products;
			sourceTree = "<group>";
		};
		63880B961FF0DD5F00DAFD68 /* HGInitiation */ = {
			isa = PBXGroup;
			children = (
				6362396420DCF70A00C96C5B /* HGInitiation.entitlements */,
				6312A6E8204E67AE00D7F5EF /* Vendors */,
				635C24FD1FFCDF190070BC46 /* Resources */,
				63880BBA1FF0E9FF00DAFD68 /* General */,
				63880BB01FF0DDF500DAFD68 /* Helpers */,
				63880BAF1FF0DDE900DAFD68 /* Macro */,
				63880BAE1FF0DDDE00DAFD68 /* Network */,
				6312A6E7204E679400D7F5EF /* Sections */,
				63880B971FF0DD5F00DAFD68 /* AppDelegate.h */,
				63880B981FF0DD5F00DAFD68 /* AppDelegate.m */,
				63880B9A1FF0DD5F00DAFD68 /* ViewController.h */,
				63880B9B1FF0DD5F00DAFD68 /* ViewController.m */,
				63880B9D1FF0DD5F00DAFD68 /* Main.storyboard */,
				63C66CF620D90EF400D27833 /* Login.storyboard */,
				63880BA01FF0DD5F00DAFD68 /* Assets.xcassets */,
				63880BA21FF0DD5F00DAFD68 /* LaunchScreen.storyboard */,
				63880BA51FF0DD5F00DAFD68 /* Info.plist */,
				63880BAD1FF0DD9000DAFD68 /* PrefixHeader.pch */,
				63880BA61FF0DD5F00DAFD68 /* main.m */,
				632C681120D3A4F6004D715F /* HGInitiation-Bridging-Header.h */,
			);
			path = HGInitiation;
			sourceTree = "<group>";
		};
		63880BAE1FF0DDDE00DAFD68 /* Network */ = {
			isa = PBXGroup;
			children = (
				63880BB41FF0DF7100DAFD68 /* service */,
				63880BB11FF0DF6800DAFD68 /* HGHTTPClient.h */,
				63880BB21FF0DF6800DAFD68 /* HGHTTPClient.m */,
				63878761206A2C16006FE525 /* HGDownloader.h */,
				63878762206A2C16006FE525 /* HGDownloader.m */,
			);
			path = Network;
			sourceTree = "<group>";
		};
		63880BAF1FF0DDE900DAFD68 /* Macro */ = {
			isa = PBXGroup;
			children = (
				63B9622320D3609400D31B9C /* HGGlobalMacro.h */,
				63B9622520D360BC00D31B9C /* HGStaticMacro.h */,
				636B222720DA56120073C7F2 /* Const.swift */,
			);
			path = Macro;
			sourceTree = "<group>";
		};
		63880BB01FF0DDF500DAFD68 /* Helpers */ = {
			isa = PBXGroup;
			children = (
				63D5596F200733F200BBA0BE /* HGHelperPush.h */,
				63D55970200733F200BBA0BE /* HGHelperPush.m */,
				63F6BB982094753900BB8EFF /* HGHelperFPS.h */,
				63F6BB992094753900BB8EFF /* HGHelperFPS.m */,
			);
			path = Helpers;
			sourceTree = "<group>";
		};
		63880BB41FF0DF7100DAFD68 /* service */ = {
			isa = PBXGroup;
			children = (
				63880BB91FF0E01200DAFD68 /* HGHTTPConfiguration.h */,
				63880BB51FF0DF9200DAFD68 /* HGHTTPService.h */,
				63880BB61FF0DFE800DAFD68 /* HGDefaultHTTPService.h */,
				63880BB71FF0DFE800DAFD68 /* HGDefaultHTTPService.m */,
			);
			path = service;
			sourceTree = "<group>";
		};
		63880BBA1FF0E9FF00DAFD68 /* General */ = {
			isa = PBXGroup;
			children = (
				631FE8732017303500E9D8A2 /* Core */,
				631FE86B201726A400E9D8A2 /* Theme */,
				635C24EF1FFCB2610070BC46 /* Categories */,
				635C57CC20048C9C004CE18B /* Components */,
				63880BBB1FF0EA1C00DAFD68 /* Base */,
			);
			path = General;
			sourceTree = "<group>";
		};
		63880BBB1FF0EA1C00DAFD68 /* Base */ = {
			isa = PBXGroup;
			children = (
				63880BBD1FF0EA5700DAFD68 /* HGBASEViewController.h */,
				63880BBE1FF0EA5700DAFD68 /* HGBASEViewController.m */,
				631FE87A2018299400E9D8A2 /* HGBASETabBarController.h */,
				631FE87B2018299400E9D8A2 /* HGBASETabBarController.m */,
				63F6BB9B2099994200BB8EFF /* HGBASENavigationController.h */,
				63F6BB9C2099994200BB8EFF /* HGBASENavigationController.m */,
			);
			path = Base;
			sourceTree = "<group>";
		};
		63880BBC1FF0EA2700DAFD68 /* ViewUtils */ = {
			isa = PBXGroup;
			children = (
				63880BC11FF0EA6B00DAFD68 /* ViewUtils.h */,
				63880BC01FF0EA6B00DAFD68 /* ViewUtils.m */,
			);
			path = ViewUtils;
			sourceTree = "<group>";
		};
		63880BCD1FF1E17300DAFD68 /* ImagePicker */ = {
			isa = PBXGroup;
			children = (
				635C57CB20036052004CE18B /* Model */,
				635C57CA20036037004CE18B /* Views */,
				63EDC0321FFDC9950049597F /* Asset */,
				632B7AA81FF22610000F57A3 /* HGAlbumsController.h */,
				632B7AA91FF22610000F57A3 /* HGAlbumsController.m */,
				632B7AAB1FF22987000F57A3 /* HGPhotosController.h */,
				632B7AAC1FF22987000F57A3 /* HGPhotosController.m */,
				632B7AAE1FF22B93000F57A3 /* HGImagePreviewController.h */,
				632B7AAF1FF22B93000F57A3 /* HGImagePreviewController.m */,
				632B7AA51FF22508000F57A3 /* HGImagePickerController.h */,
				632B7AA61FF22508000F57A3 /* HGImagePickerController.m */,
			);
			path = ImagePicker;
			sourceTree = "<group>";
		};
		6389B2101FF61A7F00EBBF6C /* AvatarClipper */ = {
			isa = PBXGroup;
			children = (
				6389B2111FF61A9100EBBF6C /* HGAvatarClipperController.h */,
				6389B2151FF61A9100EBBF6C /* HGAvatarClipperController.m */,
				6389B2141FF61A9100EBBF6C /* HGClipperView.h */,
				6389B2161FF61A9100EBBF6C /* HGClipperView.m */,
				6389B2121FF61A9100EBBF6C /* UIColor+Tweak.h */,
				6389B2131FF61A9100EBBF6C /* UIColor+Tweak.m */,
			);
			path = AvatarClipper;
			sourceTree = "<group>";
		};
		6392026720D256F50014742E /* CHTCollectionViewWaterfallLayout */ = {
			isa = PBXGroup;
			children = (
				6392026820D257400014742E /* CHTCollectionViewWaterfallLayout.h */,
				6392026920D257400014742E /* CHTCollectionViewWaterfallLayout.m */,
			);
			path = CHTCollectionViewWaterfallLayout;
			sourceTree = "<group>";
		};
		6392026B20D2579D0014742E /* CNPPopupController */ = {
			isa = PBXGroup;
			children = (
				6341E5E320C7B74F005065C5 /* CNPPopupController.h */,
				6341E5E420C7B74F005065C5 /* CNPPopupController.m */,
			);
			path = CNPPopupController;
			sourceTree = "<group>";
		};
		63949EDF20AC05EF007F944B /* Whatever */ = {
			isa = PBXGroup;
			children = (
				63949EE420AC06B6007F944B /* HGWhateverController.h */,
				63949EE520AC06B6007F944B /* HGWhateverController.m */,
			);
			path = Whatever;
			sourceTree = "<group>";
		};
		63949EE020AC0648007F944B /* Featured */ = {
			isa = PBXGroup;
			children = (
				63949EE120AC066C007F944B /* HGFeaturedController.h */,
				63949EE220AC066C007F944B /* HGFeaturedController.m */,
			);
			path = Featured;
			sourceTree = "<group>";
		};
		63949EE720AC19B0007F944B /* Login */ = {
			isa = PBXGroup;
			children = (
				63C66CF820D9EB3500D27833 /* HGLoginController.swift */,
				63C66CFA20D9F89600D27833 /* HGRegisterController.swift */,
			);
			path = Login;
			sourceTree = "<group>";
		};
		63B8C80A20B2AD9400CFB3EC /* PageController */ = {
			isa = PBXGroup;
			children = (
				63B8C80B20B2ADAD00CFB3EC /* HGPageController.h */,
				63B8C80C20B2ADAD00CFB3EC /* HGPageController.m */,
				63F3D3D720C520F8000AC732 /* HGPageContentsView.h */,
				63F3D3D820C520F8000AC732 /* HGPageContentsView.m */,
				63F3D3DA20C5213F000AC732 /* HGPageTitlesView.h */,
				63F3D3DB20C5213F000AC732 /* HGPageTitlesView.m */,
				63F3D3E020C54826000AC732 /* HGPageTitleItem.h */,
				63F3D3E120C54826000AC732 /* HGPageTitleItem.m */,
				6331E21320D0C89E0040C6C7 /* HGPageProgressView.h */,
				6331E21420D0C89E0040C6C7 /* HGPageProgressView.m */,
			);
			path = PageController;
			sourceTree = "<group>";
		};
		63EDC0321FFDC9950049597F /* Asset */ = {
			isa = PBXGroup;
			children = (
				63880BCE1FF1E1F300DAFD68 /* HGAssetManager.h */,
				63880BCF1FF1E1F300DAFD68 /* HGAssetManager.m */,
				632B7ABA1FF39F0A000F57A3 /* HGAssetAlbum.h */,
				632B7ABB1FF39F0A000F57A3 /* HGAssetAlbum.m */,
				632B7AB51FF38D9A000F57A3 /* HGAsset.h */,
				632B7AB61FF38D9A000F57A3 /* HGAsset.m */,
			);
			path = Asset;
			sourceTree = "<group>";
		};
		63EDC0361FFF0AA30049597F /* WebView */ = {
			isa = PBXGroup;
			children = (
				63EDC03E1FFF23A00049597F /* ProgressView */,
				63EDC0381FFF0AEE0049597F /* HGWebViewController.h */,
				63EDC0391FFF0AEE0049597F /* HGWebViewController.m */,
			);
			path = WebView;
			sourceTree = "<group>";
		};
		63EDC0371FFF0AA80049597F /* ScrollView */ = {
			isa = PBXGroup;
			children = (
				630498AF2004C11F00F91211 /* HGScrollDefaultImage.h */,
				630498B02004C11F00F91211 /* HGScrollDefaultImage.m */,
				63949EF320AD680D007F944B /* HGScrollCustomCell.h */,
				63949EF420AD680D007F944B /* HGScrollCustomCell.m */,
				630498B22005E99F00F91211 /* HGPageControl.h */,
				630498B32005E99F00F91211 /* HGPageControl.m */,
				635C57D120048F4A004CE18B /* HGScrollView.h */,
				635C57D220048F4A004CE18B /* HGScrollView.m */,
			);
			path = ScrollView;
			sourceTree = "<group>";
		};
		63EDC03E1FFF23A00049597F /* ProgressView */ = {
			isa = PBXGroup;
			children = (
				63EDC03F1FFF23CA0049597F /* HGWebViewProgressView.h */,
				63EDC0401FFF23CA0049597F /* HGWebViewProgressView.m */,
			);
			path = ProgressView;
			sourceTree = "<group>";
		};
		63F6BBBE209AAFD400BB8EFF /* Functions */ = {
			isa = PBXGroup;
			children = (
				63F6BBBB209AAF0100BB8EFF /* HGFunctionsController.h */,
				63F6BBBC209AAF0100BB8EFF /* HGFunctionsController.m */,
			);
			path = Functions;
			sourceTree = "<group>";
		};
		63F6BBBF209AAFE400BB8EFF /* Settings */ = {
			isa = PBXGroup;
			children = (
				63F6BBC0209AB07000BB8EFF /* HGSettingsController.h */,
				63F6BBC1209AB07000BB8EFF /* HGSettingsController.m */,
			);
			path = Settings;
			sourceTree = "<group>";
		};
/* End PBXGroup section */

/* Begin PBXNativeTarget section */
		63880B931FF0DD5F00DAFD68 /* HGInitiation */ = {
			isa = PBXNativeTarget;
			buildConfigurationList = 63880BAA1FF0DD5F00DAFD68 /* Build configuration list for PBXNativeTarget "HGInitiation" */;
			buildPhases = (
				BE09461E2EF0416B2A8B0345 /* [CP] Check Pods Manifest.lock */,
				63880B901FF0DD5F00DAFD68 /* Sources */,
				63880B911FF0DD5F00DAFD68 /* Frameworks */,
				63880B921FF0DD5F00DAFD68 /* Resources */,
				47B606B39C58305A23436785 /* [CP] Embed Pods Frameworks */,
			);
			buildRules = (
			);
			dependencies = (
			);
			name = HGInitiation;
			productName = HGInitiation;
			productReference = 63880B941FF0DD5F00DAFD68 /* HGInitiation.app */;
			productType = "com.apple.product-type.application";
		};
/* End PBXNativeTarget section */

/* Begin PBXProject section */
		63880B8C1FF0DD5F00DAFD68 /* Project object */ = {
			isa = PBXProject;
			attributes = {
				LastUpgradeCheck = 0930;
				ORGANIZATIONNAME = "__无邪_";
				TargetAttributes = {
					63880B931FF0DD5F00DAFD68 = {
						CreatedOnToolsVersion = 9.2;
						LastSwiftMigration = 0930;
						ProvisioningStyle = Automatic;
						SystemCapabilities = {
							com.apple.BackgroundModes = {
								enabled = 0;
							};
							com.apple.Push = {
								enabled = 1;
							};
							com.apple.iCloud = {
								enabled = 0;
							};
						};
					};
				};
			};
			buildConfigurationList = 63880B8F1FF0DD5F00DAFD68 /* Build configuration list for PBXProject "HGInitiation" */;
			compatibilityVersion = "Xcode 8.0";
			developmentRegion = en;
			hasScannedForEncodings = 0;
			knownRegions = (
				en,
				Base,
			);
			mainGroup = 63880B8B1FF0DD5F00DAFD68;
			productRefGroup = 63880B951FF0DD5F00DAFD68 /* Products */;
			projectDirPath = "";
			projectRoot = "";
			targets = (
				63880B931FF0DD5F00DAFD68 /* HGInitiation */,
			);
		};
/* End PBXProject section */

/* Begin PBXResourcesBuildPhase section */
		63880B921FF0DD5F00DAFD68 /* Resources */ = {
			isa = PBXResourcesBuildPhase;
			buildActionMask = 2147483647;
			files = (
				636D6D0020E338F4006D0FC4 /* fifa-world-cup.png in Resources */,
				63880BA41FF0DD5F00DAFD68 /* LaunchScreen.storyboard in Resources */,
				6306DF5E2031814700959275 /* 1.jpg in Resources */,
				63C66CF720D90EF400D27833 /* Login.storyboard in Resources */,
				63880BA11FF0DD5F00DAFD68 /* Assets.xcassets in Resources */,
				63880B9F1FF0DD5F00DAFD68 /* Main.storyboard in Resources */,
				631022182047913D00876AB6 /* large_leaves_70mp.jpg in Resources */,
			);
			runOnlyForDeploymentPostprocessing = 0;
		};
/* End PBXResourcesBuildPhase section */

/* Begin PBXShellScriptBuildPhase section */
		47B606B39C58305A23436785 /* [CP] Embed Pods Frameworks */ = {
			isa = PBXShellScriptBuildPhase;
			buildActionMask = 2147483647;
			files = (
			);
			inputPaths = (
				"${SRCROOT}/Pods/Target Support Files/Pods-HGInitiation/Pods-HGInitiation-frameworks.sh",
				"${BUILT_PRODUCTS_DIR}/AFNetworking/AFNetworking.framework",
				"${BUILT_PRODUCTS_DIR}/MBProgressHUD/MBProgressHUD.framework",
				"${BUILT_PRODUCTS_DIR}/MJRefresh/MJRefresh.framework",
				"${BUILT_PRODUCTS_DIR}/PinYin4Objc/PinYin4Objc.framework",
				"${BUILT_PRODUCTS_DIR}/SDWebImage/SDWebImage.framework",
				"${BUILT_PRODUCTS_DIR}/YYKit/YYKit.framework",
			);
			name = "[CP] Embed Pods Frameworks";
			outputPaths = (
				"${TARGET_BUILD_DIR}/${FRAMEWORKS_FOLDER_PATH}/AFNetworking.framework",
				"${TARGET_BUILD_DIR}/${FRAMEWORKS_FOLDER_PATH}/MBProgressHUD.framework",
				"${TARGET_BUILD_DIR}/${FRAMEWORKS_FOLDER_PATH}/MJRefresh.framework",
				"${TARGET_BUILD_DIR}/${FRAMEWORKS_FOLDER_PATH}/PinYin4Objc.framework",
				"${TARGET_BUILD_DIR}/${FRAMEWORKS_FOLDER_PATH}/SDWebImage.framework",
				"${TARGET_BUILD_DIR}/${FRAMEWORKS_FOLDER_PATH}/YYKit.framework",
			);
			runOnlyForDeploymentPostprocessing = 0;
			shellPath = /bin/sh;
			shellScript = "\"${SRCROOT}/Pods/Target Support Files/Pods-HGInitiation/Pods-HGInitiation-frameworks.sh\"\n";
			showEnvVarsInLog = 0;
		};
		BE09461E2EF0416B2A8B0345 /* [CP] Check Pods Manifest.lock */ = {
			isa = PBXShellScriptBuildPhase;
			buildActionMask = 2147483647;
			files = (
			);
			inputPaths = (
				"${PODS_PODFILE_DIR_PATH}/Podfile.lock",
				"${PODS_ROOT}/Manifest.lock",
			);
			name = "[CP] Check Pods Manifest.lock";
			outputPaths = (
				"$(DERIVED_FILE_DIR)/Pods-HGInitiation-checkManifestLockResult.txt",
			);
			runOnlyForDeploymentPostprocessing = 0;
			shellPath = /bin/sh;
			shellScript = "diff \"${PODS_PODFILE_DIR_PATH}/Podfile.lock\" \"${PODS_ROOT}/Manifest.lock\" > /dev/null\nif [ $? != 0 ] ; then\n    # print error to STDERR\n    echo \"error: The sandbox is not in sync with the Podfile.lock. Run 'pod install' or update your CocoaPods installation.\" >&2\n    exit 1\nfi\n# This output is used by Xcode 'outputs' to avoid re-running this script phase.\necho \"SUCCESS\" > \"${SCRIPT_OUTPUT_FILE_0}\"\n";
			showEnvVarsInLog = 0;
		};
/* End PBXShellScriptBuildPhase section */

/* Begin PBXSourcesBuildPhase section */
		63880B901FF0DD5F00DAFD68 /* Sources */ = {
			isa = PBXSourcesBuildPhase;
			buildActionMask = 2147483647;
			files = (
				635A8D08207C923600E4E4D6 /* NSString+URITemplate.m in Sources */,
				635C24F81FFCBE760070BC46 /* HGZoomImageView.m in Sources */,
				635C57CF20048E29004CE18B /* HGScrollController.m in Sources */,
				631FE86F2017275F00E9D8A2 /* HGThemeDefault.m in Sources */,
				6341E5F520C9117E005065C5 /* HGVerticalSelectView.m in Sources */,
				63880BBF1FF0EA5700DAFD68 /* HGBASEViewController.m in Sources */,
				63B8C80D20B2ADAD00CFB3EC /* HGPageController.m in Sources */,
				63F3D3DF20C53F89000AC732 /* HGPageControllerDemo.m in Sources */,
				63880B9C1FF0DD5F00DAFD68 /* ViewController.m in Sources */,
				6327575F20CFB0D50095E28D /* HGPagesScrollView.m in Sources */,
				635C24EE1FFCAE580070BC46 /* HGImagePreviewCell.m in Sources */,
				6389B2191FF61A9100EBBF6C /* HGClipperView.m in Sources */,
				63D55971200733F200BBA0BE /* HGHelperPush.m in Sources */,
				63C66CEB20D8F61900D27833 /* HGHorizontalSelectTCell.m in Sources */,
				63880BD01FF1E1F300DAFD68 /* HGAssetManager.m in Sources */,
				631FE87C2018299400E9D8A2 /* HGBASETabBarController.m in Sources */,
				6301EBC62069F39800EBD4D3 /* HGDownloadController.m in Sources */,
				636D6D0420E36CDF006D0FC4 /* HGProgressHUDManager.m in Sources */,
				636B222620DA459D0073C7F2 /* UIButton+CountDown.m in Sources */,
				6341E5E520C7B74F005065C5 /* CNPPopupController.m in Sources */,
				630498B12004C11F00F91211 /* HGScrollDefaultImage.m in Sources */,
				631FE8722017280700E9D8A2 /* HGThemeManager.m in Sources */,
				632B7ABF1FF3A3FD000F57A3 /* HGPhotoModel.m in Sources */,
				635C24EB1FFB8BAB0070BC46 /* HGTextViewController.m in Sources */,
				632B7AB01FF22B93000F57A3 /* HGImagePreviewController.m in Sources */,
				632B7AA71FF22508000F57A3 /* HGImagePickerController.m in Sources */,
				63F6BBBD209AAF0100BB8EFF /* HGFunctionsController.m in Sources */,
				631FE8792017392F00E9D8A2 /* HGThemeWhatever.m in Sources */,
				6365AF6120B6A81000856358 /* UIViewController+HGNavItems.m in Sources */,
				635C24E11FFB6CB10070BC46 /* HGTextField.m in Sources */,
				630498B42005E99F00F91211 /* HGPageControl.m in Sources */,
				6341E5DE20C784FC005065C5 /* HGPayController.m in Sources */,
				632B7ABC1FF39F0A000F57A3 /* HGAssetAlbum.m in Sources */,
				63EDC03A1FFF0AEE0049597F /* HGWebViewController.m in Sources */,
				635C24F21FFCB28F0070BC46 /* UIColor+HG.m in Sources */,
				635C57D320048F4A004CE18B /* HGScrollView.m in Sources */,
				632B7AAD1FF22987000F57A3 /* HGPhotosController.m in Sources */,
				63949EF220AC2743007F944B /* NSNumber+HGRandom.m in Sources */,
				63C66CF920D9EB3500D27833 /* HGLoginController.swift in Sources */,
				63C66CF320D9064200D27833 /* UIStoryboard+HG.m in Sources */,
				63880BB81FF0DFE800DAFD68 /* HGDefaultHTTPService.m in Sources */,
				63949EE320AC066C007F944B /* HGFeaturedController.m in Sources */,
				633E47D4200DDC7E004DF9E7 /* UIAlertAction+HGCustom.m in Sources */,
				63D559742007346800BBA0BE /* NSObject+HGAssociate.m in Sources */,
				633E47D7200DDF7C004DF9E7 /* UIAlertController+HGCustom.m in Sources */,
				63949EE620AC06B6007F944B /* HGWhateverController.m in Sources */,
				63880BC21FF0EA6B00DAFD68 /* ViewUtils.m in Sources */,
				6389B2181FF61A9100EBBF6C /* HGAvatarClipperController.m in Sources */,
				63D5597A2008595800BBA0BE /* UIViewController+HGAlert.m in Sources */,
				6327575B20CFB0510095E28D /* HGPagesWithHeaderDemo.m in Sources */,
				635C57C920033319004CE18B /* HGBrowserController.m in Sources */,
				635C24D91FF63D410070BC46 /* HGPickerView.m in Sources */,
				6389B2171FF61A9100EBBF6C /* UIColor+Tweak.m in Sources */,
				6362395D20DCC4D500C96C5B /* HGPopMenu.m in Sources */,
				632B7AAA1FF22610000F57A3 /* HGAlbumsController.m in Sources */,
				63F3D3D920C520F8000AC732 /* HGPageContentsView.m in Sources */,
				63949EF520AD680D007F944B /* HGScrollCustomCell.m in Sources */,
				63B9A16B205648DF0006B2E9 /* HGPageContentController.m in Sources */,
				635C24DC1FF63D500070BC46 /* HGDatePickerView.m in Sources */,
				6331E21520D0C89E0040C6C7 /* HGPageProgressView.m in Sources */,
				635C24E41FFB6D3A0070BC46 /* HGTextFieldController.m in Sources */,
				63D5596E2007123200BBA0BE /* UIScrollView+HGRefresh.m in Sources */,
				63880BA71FF0DD5F00DAFD68 /* main.m in Sources */,
				635C24E71FFB71C60070BC46 /* HGTextView.m in Sources */,
				63C66CFB20D9F89600D27833 /* HGRegisterController.swift in Sources */,
				63880B991FF0DD5F00DAFD68 /* AppDelegate.m in Sources */,
				63878763206A2C16006FE525 /* HGDownloader.m in Sources */,
				6392026A20D257410014742E /* CHTCollectionViewWaterfallLayout.m in Sources */,
				63A0C70F2041487700FFD56E /* HGOtherController.m in Sources */,
				635C57C620031267004CE18B /* HGPhotoBrowser.m in Sources */,
				631FE8692017207C00E9D8A2 /* UIImage+HG.m in Sources */,
				631FE8762017305200E9D8A2 /* HGConfiguration.m in Sources */,
				63D559772007516100BBA0BE /* HGWaterfallController.m in Sources */,
				63F6BBC2209AB07000BB8EFF /* HGSettingsController.m in Sources */,
				63F3D3E220C54826000AC732 /* HGPageTitleItem.m in Sources */,
				63C66CEE20D8F65200D27833 /* HGHorizontalSelectCCell.m in Sources */,
				63EDC0351FFE02F40049597F /* NSString+HG.m in Sources */,
				63F6BB9D2099994200BB8EFF /* HGBASENavigationController.m in Sources */,
				635C24FC1FFCDE3F0070BC46 /* HGZoomImageController.m in Sources */,
				6362396020DCC52900C96C5B /* HGPopTableViewController.m in Sources */,
				632B7AB31FF24643000F57A3 /* HGPhotoCell.m in Sources */,
				63F3D3DC20C5213F000AC732 /* HGPageTitlesView.m in Sources */,
				6341E5F220C8DD39005065C5 /* HGPopupManager.m in Sources */,
				6341E5E920C7B7CB005065C5 /* HGHorizontalSelectView.m in Sources */,
				636D6D0720E37B4B006D0FC4 /* HGProgressHUDTest.m in Sources */,
				6341E5DB20C77B95005065C5 /* HGPageContent2Controller.m in Sources */,
				63EDC0411FFF23CA0049597F /* HGWebViewProgressView.m in Sources */,
				63F6BB9A2094753900BB8EFF /* HGHelperFPS.m in Sources */,
				63C66CE820D8ECE100D27833 /* HGSelectAdditionalView.m in Sources */,
				63880BB31FF0DF6800DAFD68 /* HGHTTPClient.m in Sources */,
				632B7AB71FF38D9A000F57A3 /* HGAsset.m in Sources */,
				636B222820DA56120073C7F2 /* Const.swift in Sources */,
			);
			runOnlyForDeploymentPostprocessing = 0;
		};
/* End PBXSourcesBuildPhase section */

/* Begin PBXVariantGroup section */
		63880B9D1FF0DD5F00DAFD68 /* Main.storyboard */ = {
			isa = PBXVariantGroup;
			children = (
				63880B9E1FF0DD5F00DAFD68 /* Base */,
			);
			name = Main.storyboard;
			sourceTree = "<group>";
		};
		63880BA21FF0DD5F00DAFD68 /* LaunchScreen.storyboard */ = {
			isa = PBXVariantGroup;
			children = (
				63880BA31FF0DD5F00DAFD68 /* Base */,
			);
			name = LaunchScreen.storyboard;
			sourceTree = "<group>";
		};
/* End PBXVariantGroup section */

/* Begin XCBuildConfiguration section */
		63880BA81FF0DD5F00DAFD68 /* Debug */ = {
			isa = XCBuildConfiguration;
			buildSettings = {
				ALWAYS_SEARCH_USER_PATHS = NO;
				CLANG_ANALYZER_NONNULL = YES;
				CLANG_ANALYZER_NUMBER_OBJECT_CONVERSION = YES_AGGRESSIVE;
				CLANG_CXX_LANGUAGE_STANDARD = "gnu++14";
				CLANG_CXX_LIBRARY = "libc++";
				CLANG_ENABLE_MODULES = YES;
				CLANG_ENABLE_OBJC_ARC = YES;
				CLANG_WARN_BLOCK_CAPTURE_AUTORELEASING = YES;
				CLANG_WARN_BOOL_CONVERSION = YES;
				CLANG_WARN_COMMA = YES;
				CLANG_WARN_CONSTANT_CONVERSION = YES;
				CLANG_WARN_DEPRECATED_OBJC_IMPLEMENTATIONS = YES;
				CLANG_WARN_DIRECT_OBJC_ISA_USAGE = YES_ERROR;
				CLANG_WARN_DOCUMENTATION_COMMENTS = YES;
				CLANG_WARN_EMPTY_BODY = YES;
				CLANG_WARN_ENUM_CONVERSION = YES;
				CLANG_WARN_INFINITE_RECURSION = YES;
				CLANG_WARN_INT_CONVERSION = YES;
				CLANG_WARN_NON_LITERAL_NULL_CONVERSION = YES;
				CLANG_WARN_OBJC_IMPLICIT_RETAIN_SELF = YES;
				CLANG_WARN_OBJC_LITERAL_CONVERSION = YES;
				CLANG_WARN_OBJC_ROOT_CLASS = YES_ERROR;
				CLANG_WARN_RANGE_LOOP_ANALYSIS = YES;
				CLANG_WARN_STRICT_PROTOTYPES = YES;
				CLANG_WARN_SUSPICIOUS_MOVE = YES;
				CLANG_WARN_UNGUARDED_AVAILABILITY = YES_AGGRESSIVE;
				CLANG_WARN_UNREACHABLE_CODE = YES;
				CLANG_WARN__DUPLICATE_METHOD_MATCH = YES;
				CODE_SIGN_IDENTITY = "iPhone Developer";
				COPY_PHASE_STRIP = NO;
				DEBUG_INFORMATION_FORMAT = dwarf;
				ENABLE_STRICT_OBJC_MSGSEND = YES;
				ENABLE_TESTABILITY = YES;
				GCC_C_LANGUAGE_STANDARD = gnu11;
				GCC_DYNAMIC_NO_PIC = NO;
				GCC_NO_COMMON_BLOCKS = YES;
				GCC_OPTIMIZATION_LEVEL = 0;
				GCC_PREPROCESSOR_DEFINITIONS = (
					"DEBUG=1",
					"$(inherited)",
				);
				GCC_WARN_64_TO_32_BIT_CONVERSION = YES;
				GCC_WARN_ABOUT_RETURN_TYPE = YES_ERROR;
				GCC_WARN_UNDECLARED_SELECTOR = YES;
				GCC_WARN_UNINITIALIZED_AUTOS = YES_AGGRESSIVE;
				GCC_WARN_UNUSED_FUNCTION = YES;
				GCC_WARN_UNUSED_VARIABLE = YES;
				IPHONEOS_DEPLOYMENT_TARGET = 8.2;
				MTL_ENABLE_DEBUG_INFO = YES;
				ONLY_ACTIVE_ARCH = YES;
				SDKROOT = iphoneos;
			};
			name = Debug;
		};
		63880BA91FF0DD5F00DAFD68 /* Release */ = {
			isa = XCBuildConfiguration;
			buildSettings = {
				ALWAYS_SEARCH_USER_PATHS = NO;
				CLANG_ANALYZER_NONNULL = YES;
				CLANG_ANALYZER_NUMBER_OBJECT_CONVERSION = YES_AGGRESSIVE;
				CLANG_CXX_LANGUAGE_STANDARD = "gnu++14";
				CLANG_CXX_LIBRARY = "libc++";
				CLANG_ENABLE_MODULES = YES;
				CLANG_ENABLE_OBJC_ARC = YES;
				CLANG_WARN_BLOCK_CAPTURE_AUTORELEASING = YES;
				CLANG_WARN_BOOL_CONVERSION = YES;
				CLANG_WARN_COMMA = YES;
				CLANG_WARN_CONSTANT_CONVERSION = YES;
				CLANG_WARN_DEPRECATED_OBJC_IMPLEMENTATIONS = YES;
				CLANG_WARN_DIRECT_OBJC_ISA_USAGE = YES_ERROR;
				CLANG_WARN_DOCUMENTATION_COMMENTS = YES;
				CLANG_WARN_EMPTY_BODY = YES;
				CLANG_WARN_ENUM_CONVERSION = YES;
				CLANG_WARN_INFINITE_RECURSION = YES;
				CLANG_WARN_INT_CONVERSION = YES;
				CLANG_WARN_NON_LITERAL_NULL_CONVERSION = YES;
				CLANG_WARN_OBJC_IMPLICIT_RETAIN_SELF = YES;
				CLANG_WARN_OBJC_LITERAL_CONVERSION = YES;
				CLANG_WARN_OBJC_ROOT_CLASS = YES_ERROR;
				CLANG_WARN_RANGE_LOOP_ANALYSIS = YES;
				CLANG_WARN_STRICT_PROTOTYPES = YES;
				CLANG_WARN_SUSPICIOUS_MOVE = YES;
				CLANG_WARN_UNGUARDED_AVAILABILITY = YES_AGGRESSIVE;
				CLANG_WARN_UNREACHABLE_CODE = YES;
				CLANG_WARN__DUPLICATE_METHOD_MATCH = YES;
				CODE_SIGN_IDENTITY = "iPhone Developer";
				COPY_PHASE_STRIP = NO;
				DEBUG_INFORMATION_FORMAT = "dwarf-with-dsym";
				ENABLE_NS_ASSERTIONS = NO;
				ENABLE_STRICT_OBJC_MSGSEND = YES;
				GCC_C_LANGUAGE_STANDARD = gnu11;
				GCC_NO_COMMON_BLOCKS = YES;
				GCC_WARN_64_TO_32_BIT_CONVERSION = YES;
				GCC_WARN_ABOUT_RETURN_TYPE = YES_ERROR;
				GCC_WARN_UNDECLARED_SELECTOR = YES;
				GCC_WARN_UNINITIALIZED_AUTOS = YES_AGGRESSIVE;
				GCC_WARN_UNUSED_FUNCTION = YES;
				GCC_WARN_UNUSED_VARIABLE = YES;
				IPHONEOS_DEPLOYMENT_TARGET = 8.2;
				MTL_ENABLE_DEBUG_INFO = NO;
				SDKROOT = iphoneos;
				VALIDATE_PRODUCT = YES;
			};
			name = Release;
		};
		63880BAB1FF0DD5F00DAFD68 /* Debug */ = {
			isa = XCBuildConfiguration;
			baseConfigurationReference = 4A97863A459CF3C9AD01DB09 /* Pods-HGInitiation.debug.xcconfig */;
			buildSettings = {
				ASSETCATALOG_COMPILER_APPICON_NAME = AppIcon;
				CLANG_ENABLE_MODULES = YES;
				CLANG_WARN_DOCUMENTATION_COMMENTS = YES;
				CODE_SIGN_ENTITLEMENTS = HGInitiation/HGInitiation.entitlements;
				CODE_SIGN_STYLE = Automatic;
				DEVELOPMENT_TEAM = ALC8X8425P;
				GCC_INCREASE_PRECOMPILED_HEADER_SHARING = YES;
				GCC_PRECOMPILE_PREFIX_HEADER = YES;
				GCC_PREFIX_HEADER = "$(SRCROOT)/HGInitiation/PrefixHeader.pch";
				INFOPLIST_FILE = HGInitiation/Info.plist;
				IPHONEOS_DEPLOYMENT_TARGET = 8.2;
				LD_RUNPATH_SEARCH_PATHS = "$(inherited) @executable_path/Frameworks";
				PRODUCT_BUNDLE_IDENTIFIER = com.fqah.HGInitiation;
				PRODUCT_NAME = "$(TARGET_NAME)";
				SWIFT_OBJC_BRIDGING_HEADER = "HGInitiation/HGInitiation-Bridging-Header.h";
				SWIFT_OPTIMIZATION_LEVEL = "-Onone";
				SWIFT_VERSION = 3.0;
				TARGETED_DEVICE_FAMILY = "1,2";
			};
			name = Debug;
		};
		63880BAC1FF0DD5F00DAFD68 /* Release */ = {
			isa = XCBuildConfiguration;
			baseConfigurationReference = 62929185647B0BDFA97BBF9F /* Pods-HGInitiation.release.xcconfig */;
			buildSettings = {
				ASSETCATALOG_COMPILER_APPICON_NAME = AppIcon;
				CLANG_ENABLE_MODULES = YES;
				CLANG_WARN_DOCUMENTATION_COMMENTS = YES;
				CODE_SIGN_ENTITLEMENTS = HGInitiation/HGInitiation.entitlements;
				CODE_SIGN_STYLE = Automatic;
				DEVELOPMENT_TEAM = ALC8X8425P;
				GCC_INCREASE_PRECOMPILED_HEADER_SHARING = YES;
				GCC_PRECOMPILE_PREFIX_HEADER = YES;
				GCC_PREFIX_HEADER = "$(SRCROOT)/HGInitiation/PrefixHeader.pch";
				INFOPLIST_FILE = HGInitiation/Info.plist;
				IPHONEOS_DEPLOYMENT_TARGET = 8.2;
				LD_RUNPATH_SEARCH_PATHS = "$(inherited) @executable_path/Frameworks";
				PRODUCT_BUNDLE_IDENTIFIER = com.fqah.HGInitiation;
				PRODUCT_NAME = "$(TARGET_NAME)";
				SWIFT_OBJC_BRIDGING_HEADER = "HGInitiation/HGInitiation-Bridging-Header.h";
				SWIFT_VERSION = 3.0;
				TARGETED_DEVICE_FAMILY = "1,2";
			};
			name = Release;
		};
/* End XCBuildConfiguration section */

/* Begin XCConfigurationList section */
		63880B8F1FF0DD5F00DAFD68 /* Build configuration list for PBXProject "HGInitiation" */ = {
			isa = XCConfigurationList;
			buildConfigurations = (
				63880BA81FF0DD5F00DAFD68 /* Debug */,
				63880BA91FF0DD5F00DAFD68 /* Release */,
			);
			defaultConfigurationIsVisible = 0;
			defaultConfigurationName = Release;
		};
		63880BAA1FF0DD5F00DAFD68 /* Build configuration list for PBXNativeTarget "HGInitiation" */ = {
			isa = XCConfigurationList;
			buildConfigurations = (
				63880BAB1FF0DD5F00DAFD68 /* Debug */,
				63880BAC1FF0DD5F00DAFD68 /* Release */,
			);
			defaultConfigurationIsVisible = 0;
			defaultConfigurationName = Release;
		};
/* End XCConfigurationList section */
	};
	rootObject = 63880B8C1FF0DD5F00DAFD68 /* Project object */;
}
